// !$*UTF8*$!
{
	archiveVersion = 1;
	classes = {
	};
	objectVersion = 46;
	objects = {

/* Begin PBXBuildFile section */
		3D45737B1EE02065009A30E2 /* CalendarViewController.swift in Sources */ = {isa = PBXBuildFile; fileRef = 3D45737A1EE02065009A30E2 /* CalendarViewController.swift */; };
		3DD869141ECE3F6100814392 /* PT_Sans-Web-Bold.ttf in Resources */ = {isa = PBXBuildFile; fileRef = 3DD869101ECE3F6100814392 /* PT_Sans-Web-Bold.ttf */; };
		3DD869151ECE3F6100814392 /* PT_Sans-Web-BoldItalic.ttf in Resources */ = {isa = PBXBuildFile; fileRef = 3DD869111ECE3F6100814392 /* PT_Sans-Web-BoldItalic.ttf */; };
		3DD869161ECE3F6100814392 /* PT_Sans-Web-Italic.ttf in Resources */ = {isa = PBXBuildFile; fileRef = 3DD869121ECE3F6100814392 /* PT_Sans-Web-Italic.ttf */; };
		3DD869171ECE3F6100814392 /* PT_Sans-Web-Regular.ttf in Resources */ = {isa = PBXBuildFile; fileRef = 3DD869131ECE3F6100814392 /* PT_Sans-Web-Regular.ttf */; };
		503A5EFB1F3DB86C00A7695B /* TabSettings.storyboard in Resources */ = {isa = PBXBuildFile; fileRef = 503A5EF91F3DB86C00A7695B /* TabSettings.storyboard */; };
		503A5EFD1F3DC5DC00A7695B /* TabCourses.storyboard in Resources */ = {isa = PBXBuildFile; fileRef = 503A5EFC1F3DC5DC00A7695B /* TabCourses.storyboard */; };
		503A5EFF1F3DC6A400A7695B /* TabFiles.storyboard in Resources */ = {isa = PBXBuildFile; fileRef = 503A5EFE1F3DC6A400A7695B /* TabFiles.storyboard */; };
		503A5F011F3DC6C700A7695B /* TabDashboard.storyboard in Resources */ = {isa = PBXBuildFile; fileRef = 503A5F001F3DC6C700A7695B /* TabDashboard.storyboard */; };
		503C1C011F6181BF00CF369D /* CalendarOverviewViewController.swift in Sources */ = {isa = PBXBuildFile; fileRef = 503C1C001F6181BF00CF369D /* CalendarOverviewViewController.swift */; };
		5059C14B1F62B35900E8023C /* Date+TimeZone.swift in Sources */ = {isa = PBXBuildFile; fileRef = 5059C14A1F62B35900E8023C /* Date+TimeZone.swift */; };
		506D146F1F56F81D00AA5613 /* UIView+shake.swift in Sources */ = {isa = PBXBuildFile; fileRef = 506D146E1F56F81D00AA5613 /* UIView+shake.swift */; };
		507684C01F5D9AAF00EEC7FA /* HomeworkDetailViewController.swift in Sources */ = {isa = PBXBuildFile; fileRef = 507684BF1F5D9AAF00EEC7FA /* HomeworkDetailViewController.swift */; };
		5082579A1F5E90F500A4FF6A /* Homework+.swift in Sources */ = {isa = PBXBuildFile; fileRef = 508257991F5E90F500A4FF6A /* Homework+.swift */; };
		509A93381F541513001167DE /* DashboardViewController.swift in Sources */ = {isa = PBXBuildFile; fileRef = 509A93371F541512001167DE /* DashboardViewController.swift */; };
		509A933A1F541668001167DE /* ShortNotificationViewController.swift in Sources */ = {isa = PBXBuildFile; fileRef = 509A93391F541668001167DE /* ShortNotificationViewController.swift */; };
		509B10D62008E5840042AA7D /* NSMutableAttributedString+trim.swift in Sources */ = {isa = PBXBuildFile; fileRef = 509B10D52008E5840042AA7D /* NSMutableAttributedString+trim.swift */; };
		50A1CDE41F501A0D006E9B69 /* NotificationViewController.swift in Sources */ = {isa = PBXBuildFile; fileRef = 50A1CDE31F501A0C006E9B69 /* NotificationViewController.swift */; };
		50A1CDE61F501AC5006E9B69 /* NotificationCell.swift in Sources */ = {isa = PBXBuildFile; fileRef = 50A1CDE51F501AC5006E9B69 /* NotificationCell.swift */; };
		50D6432D1F8E09E200A89331 /* HomeworkOverviewViewController.swift in Sources */ = {isa = PBXBuildFile; fileRef = 50D6432C1F8E09E200A89331 /* HomeworkOverviewViewController.swift */; };
		50E8015D1F45C82800B6F8DA /* EventData+CoreDataClass.swift in Sources */ = {isa = PBXBuildFile; fileRef = 50E8015B1F45C82800B6F8DA /* EventData+CoreDataClass.swift */; };
		50E8015E1F45C82800B6F8DA /* EventData+CoreDataProperties.swift in Sources */ = {isa = PBXBuildFile; fileRef = 50E8015C1F45C82800B6F8DA /* EventData+CoreDataProperties.swift */; };
		C3165F1D1EDC1BAE005F5B8E /* HomeworkTableViewCell.swift in Sources */ = {isa = PBXBuildFile; fileRef = C3165F1C1EDC1BAE005F5B8E /* HomeworkTableViewCell.swift */; };
		C3165F1F1EDC1EC6005F5B8E /* NSAttributedString+HTML.swift in Sources */ = {isa = PBXBuildFile; fileRef = C3165F1E1EDC1EC6005F5B8E /* NSAttributedString+HTML.swift */; };
		C31C84271ECF546E00FA070C /* WebviewPreviewViewContoller.swift in Sources */ = {isa = PBXBuildFile; fileRef = C31C84261ECF546E00FA070C /* WebviewPreviewViewContoller.swift */; };
		C31C842A1ECF553700FA070C /* PreviewManager.swift in Sources */ = {isa = PBXBuildFile; fileRef = C31C84291ECF553700FA070C /* PreviewManager.swift */; };
		C31C842E1ECF586500FA070C /* LoadingViewController.swift in Sources */ = {isa = PBXBuildFile; fileRef = C31C842D1ECF586500FA070C /* LoadingViewController.swift */; };
		C31F623F1F7BF11300D46652 /* HomeworkSubmissionHelper.swift in Sources */ = {isa = PBXBuildFile; fileRef = C31F623E1F7BF11300D46652 /* HomeworkSubmissionHelper.swift */; };
		C31F62411F7BF2D100D46652 /* HomeworkSubmission+.swift in Sources */ = {isa = PBXBuildFile; fileRef = C31F62401F7BF2D100D46652 /* HomeworkSubmission+.swift */; };
		C31F62461F7D3D1D00D46652 /* HomeworkSubmission+CoreDataClass.swift in Sources */ = {isa = PBXBuildFile; fileRef = C31F62421F7D3D1D00D46652 /* HomeworkSubmission+CoreDataClass.swift */; };
		C31F62471F7D3D1E00D46652 /* HomeworkSubmission+CoreDataProperties.swift in Sources */ = {isa = PBXBuildFile; fileRef = C31F62431F7D3D1D00D46652 /* HomeworkSubmission+CoreDataProperties.swift */; };
		C31F62481F7D3D1E00D46652 /* HomeworkComment+CoreDataClass.swift in Sources */ = {isa = PBXBuildFile; fileRef = C31F62441F7D3D1D00D46652 /* HomeworkComment+CoreDataClass.swift */; };
		C31F62491F7D3D1E00D46652 /* HomeworkComment+CoreDataProperties.swift in Sources */ = {isa = PBXBuildFile; fileRef = C31F62451F7D3D1D00D46652 /* HomeworkComment+CoreDataProperties.swift */; };
		C328708D1EDD58C700ABA348 /* User+.swift in Sources */ = {isa = PBXBuildFile; fileRef = C328708B1EDD58C700ABA348 /* User+.swift */; };
		C32870A01EDDBCB000ABA348 /* UserGroup+CoreDataClass.swift in Sources */ = {isa = PBXBuildFile; fileRef = C32870991EDDBCB000ABA348 /* UserGroup+CoreDataClass.swift */; };
		C32870A11EDDBCB000ABA348 /* UserGroup+CoreDataProperties.swift in Sources */ = {isa = PBXBuildFile; fileRef = C328709A1EDDBCB000ABA348 /* UserGroup+CoreDataProperties.swift */; };
		C32870A21EDDBCB000ABA348 /* Course+CoreDataClass.swift in Sources */ = {isa = PBXBuildFile; fileRef = C328709B1EDDBCB000ABA348 /* Course+CoreDataClass.swift */; };
		C32870A31EDDBCB000ABA348 /* Course+CoreDataProperties.swift in Sources */ = {isa = PBXBuildFile; fileRef = C328709C1EDDBCB000ABA348 /* Course+CoreDataProperties.swift */; };
		C32870A41EDDBCB000ABA348 /* Homework+CoreDataProperties.swift in Sources */ = {isa = PBXBuildFile; fileRef = C328709D1EDDBCB000ABA348 /* Homework+CoreDataProperties.swift */; };
		C32870A51EDDBCB000ABA348 /* User+CoreDataClass.swift in Sources */ = {isa = PBXBuildFile; fileRef = C328709E1EDDBCB000ABA348 /* User+CoreDataClass.swift */; };
		C32870A61EDDBCB000ABA348 /* User+CoreDataProperties.swift in Sources */ = {isa = PBXBuildFile; fileRef = C328709F1EDDBCB000ABA348 /* User+CoreDataProperties.swift */; };
		C32870A91EDDD3D100ABA348 /* Course+.swift in Sources */ = {isa = PBXBuildFile; fileRef = C32870A81EDDD3D100ABA348 /* Course+.swift */; };
		C32870B21EDF24F600ABA348 /* Content+CoreDataClass.swift in Sources */ = {isa = PBXBuildFile; fileRef = C32870AE1EDF24F600ABA348 /* Content+CoreDataClass.swift */; };
		C32870B31EDF24F600ABA348 /* Content+CoreDataProperties.swift in Sources */ = {isa = PBXBuildFile; fileRef = C32870AF1EDF24F600ABA348 /* Content+CoreDataProperties.swift */; };
		C32870B41EDF24F600ABA348 /* Lesson+CoreDataClass.swift in Sources */ = {isa = PBXBuildFile; fileRef = C32870B01EDF24F600ABA348 /* Lesson+CoreDataClass.swift */; };
		C32870B51EDF24F600ABA348 /* Lesson+CoreDataProperties.swift in Sources */ = {isa = PBXBuildFile; fileRef = C32870B11EDF24F600ABA348 /* Lesson+CoreDataProperties.swift */; };
		C32870B71EDF2C1300ABA348 /* Lesson+.swift in Sources */ = {isa = PBXBuildFile; fileRef = C32870B61EDF2C1300ABA348 /* Lesson+.swift */; };
		C32870B91EDF2E1E00ABA348 /* Content+.swift in Sources */ = {isa = PBXBuildFile; fileRef = C32870B81EDF2E1E00ABA348 /* Content+.swift */; };
		C32870BC1EDF32C600ABA348 /* CoursesViewController.swift in Sources */ = {isa = PBXBuildFile; fileRef = C32870BB1EDF32C600ABA348 /* CoursesViewController.swift */; };
		C32870BE1EDF356800ABA348 /* CourseHelper.swift in Sources */ = {isa = PBXBuildFile; fileRef = C32870BD1EDF356800ABA348 /* CourseHelper.swift */; };
		C32870C01EE0228600ABA348 /* LessonHelper.swift in Sources */ = {isa = PBXBuildFile; fileRef = C32870BF1EE0228600ABA348 /* LessonHelper.swift */; };
		C32870C21EE0250500ABA348 /* LessonsViewController.swift in Sources */ = {isa = PBXBuildFile; fileRef = C32870C11EE0250500ABA348 /* LessonsViewController.swift */; };
		C3418B601ECDAB9F00280E62 /* FileHelper.swift in Sources */ = {isa = PBXBuildFile; fileRef = C3418B5F1ECDAB9F00280E62 /* FileHelper.swift */; };
		C3418B621ECEE6FB00280E62 /* FilesViewController.swift in Sources */ = {isa = PBXBuildFile; fileRef = C3418B611ECEE6FB00280E62 /* FilesViewController.swift */; };
		C3418B641ED2E89F00280E62 /* FileListCell.swift in Sources */ = {isa = PBXBuildFile; fileRef = C3418B631ED2E89F00280E62 /* FileListCell.swift */; };
		C3418B671ED335F400280E62 /* PreviewTransitionViewController.xib in Resources */ = {isa = PBXBuildFile; fileRef = C3418B651ED335F300280E62 /* PreviewTransitionViewController.xib */; };
		C3418B681ED335F400280E62 /* WebviewPreviewViewContoller.xib in Resources */ = {isa = PBXBuildFile; fileRef = C3418B661ED335F300280E62 /* WebviewPreviewViewContoller.xib */; };
		C3418B6C1ED5CB3400280E62 /* Homework+CoreDataClass.swift in Sources */ = {isa = PBXBuildFile; fileRef = C3418B6A1ED5CB3400280E62 /* Homework+CoreDataClass.swift */; };
		C3418B6F1ED5CF1F00280E62 /* Date+Marshal.swift in Sources */ = {isa = PBXBuildFile; fileRef = C3418B6E1ED5CF1F00280E62 /* Date+Marshal.swift */; };
		C36C23381EC9DE0700D4163E /* SCError.swift in Sources */ = {isa = PBXBuildFile; fileRef = C36C23371EC9DE0700D4163E /* SCError.swift */; };
		C36C233B1ECC965400D4163E /* CoreData.swift in Sources */ = {isa = PBXBuildFile; fileRef = C36C233A1ECC965400D4163E /* CoreData.swift */; };
		C378D2C41ECC976800AE8CEA /* schulcloud.xcdatamodeld in Sources */ = {isa = PBXBuildFile; fileRef = C378D2C21ECC976800AE8CEA /* schulcloud.xcdatamodeld */; };
		C38419171EF602AA00A616B3 /* SplitViewController.swift in Sources */ = {isa = PBXBuildFile; fileRef = C38419161EF602AA00A616B3 /* SplitViewController.swift */; };
		C39495E71F6ACF55009DD7A4 /* BrightFutures+.swift in Sources */ = {isa = PBXBuildFile; fileRef = C39495E61F6ACF55009DD7A4 /* BrightFutures+.swift */; };
		C39495E91F6AE0D9009DD7A4 /* HomeworkSubmissionViewController.swift in Sources */ = {isa = PBXBuildFile; fileRef = C39495E81F6AE0D9009DD7A4 /* HomeworkSubmissionViewController.swift */; };
		C3A5A9031EBCC17600825DBF /* AppDelegate.swift in Sources */ = {isa = PBXBuildFile; fileRef = C3A5A9021EBCC17600825DBF /* AppDelegate.swift */; };
		C3A5A9051EBCC17600825DBF /* ViewController.swift in Sources */ = {isa = PBXBuildFile; fileRef = C3A5A9041EBCC17600825DBF /* ViewController.swift */; };
		C3A5A9081EBCC17600825DBF /* Main.storyboard in Resources */ = {isa = PBXBuildFile; fileRef = C3A5A9061EBCC17600825DBF /* Main.storyboard */; };
		C3A5A90D1EBCC17600825DBF /* Assets.xcassets in Resources */ = {isa = PBXBuildFile; fileRef = C3A5A90C1EBCC17600825DBF /* Assets.xcassets */; };
		C3A5A9101EBCC17600825DBF /* LaunchScreen.storyboard in Resources */ = {isa = PBXBuildFile; fileRef = C3A5A90E1EBCC17600825DBF /* LaunchScreen.storyboard */; };
		C3A5A91B1EBCC17600825DBF /* schulcloudTests.swift in Sources */ = {isa = PBXBuildFile; fileRef = C3A5A91A1EBCC17600825DBF /* schulcloudTests.swift */; };
		C3A5A9261EBCC17600825DBF /* schulcloudUITests.swift in Sources */ = {isa = PBXBuildFile; fileRef = C3A5A9251EBCC17600825DBF /* schulcloudUITests.swift */; };
		C3A5A9341EBCCE3B00825DBF /* LoginViewController.swift in Sources */ = {isa = PBXBuildFile; fileRef = C3A5A9331EBCCE3B00825DBF /* LoginViewController.swift */; };
		C3A5A9391EBCD0C600825DBF /* Constants.swift in Sources */ = {isa = PBXBuildFile; fileRef = C3A5A9381EBCD0C600825DBF /* Constants.swift */; };
		C3A5A93B1EC0766F00825DBF /* Account.swift in Sources */ = {isa = PBXBuildFile; fileRef = C3A5A93A1EC0766F00825DBF /* Account.swift */; };
		C3AB489A1EDAE8A800692505 /* HomeworkViewController.swift in Sources */ = {isa = PBXBuildFile; fileRef = C3AB48991EDAE8A800692505 /* HomeworkViewController.swift */; };
		C3AB489C1EDAE97600692505 /* HomeworkHelper.swift in Sources */ = {isa = PBXBuildFile; fileRef = C3AB489B1EDAE97600692505 /* HomeworkHelper.swift */; };
		C3AB489E1EDB260E00692505 /* Alamofire+BrightFutures.swift in Sources */ = {isa = PBXBuildFile; fileRef = C3AB489D1EDB260E00692505 /* Alamofire+BrightFutures.swift */; };
		C3B7DB141EF5EB1800A2F2B5 /* HtmlTableViewCell.swift in Sources */ = {isa = PBXBuildFile; fileRef = C3B7DB131EF5EB1800A2F2B5 /* HtmlTableViewCell.swift */; };
		C3C080551EE607F6005FA7C3 /* CourseCell.swift in Sources */ = {isa = PBXBuildFile; fileRef = C3C080541EE607F6005FA7C3 /* CourseCell.swift */; };
		C3C2AC221EC3A7E90060AECA /* SettingsViewController.swift in Sources */ = {isa = PBXBuildFile; fileRef = C3C2AC211EC3A7E90060AECA /* SettingsViewController.swift */; };
		C3C2AC241EC3AAA80060AECA /* LoginHelper.swift in Sources */ = {isa = PBXBuildFile; fileRef = C3C2AC231EC3AAA80060AECA /* LoginHelper.swift */; };
		C3C2AC311EC4902F0060AECA /* File+CoreDataClass.swift in Sources */ = {isa = PBXBuildFile; fileRef = C3C2AC2F1EC4902F0060AECA /* File+CoreDataClass.swift */; };
		C3C2AC361EC5AC460060AECA /* Notifications.swift in Sources */ = {isa = PBXBuildFile; fileRef = C3C2AC351EC5AC460060AECA /* Notifications.swift */; };
		C3C2AC381EC5AC750060AECA /* ApiHelper.swift in Sources */ = {isa = PBXBuildFile; fileRef = C3C2AC371EC5AC750060AECA /* ApiHelper.swift */; };
		C3C3CAB11EF5CBB6009601AE /* SingleLessonViewController.swift in Sources */ = {isa = PBXBuildFile; fileRef = C3C3CAB01EF5CBB6009601AE /* SingleLessonViewController.swift */; };
		C3FEB92B1F67E7F400BAD9D7 /* UIColor+Branding.swift in Sources */ = {isa = PBXBuildFile; fileRef = C3FEB92A1F67E7F400BAD9D7 /* UIColor+Branding.swift */; };
		C63FB1F9B25BA375BFE83DFB /* Pods_schulcloud.framework in Frameworks */ = {isa = PBXBuildFile; fileRef = 09D7CC393E1856DD7EF9B21F /* Pods_schulcloud.framework */; };
		CE1DAC592004CE0200CEE4C2 /* String+.swift in Sources */ = {isa = PBXBuildFile; fileRef = CE1DAC582004CE0200CEE4C2 /* String+.swift */; };
		CE644E8920232710003AE700 /* UIColor+hexString.swift in Sources */ = {isa = PBXBuildFile; fileRef = CE644E8820232710003AE700 /* UIColor+hexString.swift */; };
		CE737A4C1FFE6354006DAB54 /* TabNews.storyboard in Resources */ = {isa = PBXBuildFile; fileRef = CE737A4B1FFE6354006DAB54 /* TabNews.storyboard */; };
		CE737A4E1FFE65B0006DAB54 /* NewsArticleCell.swift in Sources */ = {isa = PBXBuildFile; fileRef = CE737A4D1FFE65B0006DAB54 /* NewsArticleCell.swift */; };
		CE737A501FFE6929006DAB54 /* NewsListViewController.swift in Sources */ = {isa = PBXBuildFile; fileRef = CE737A4F1FFE6929006DAB54 /* NewsListViewController.swift */; };
		CE8487B91FFD2AC9008003B5 /* News+CoreDataClass.swift in Sources */ = {isa = PBXBuildFile; fileRef = CE8487B71FFD2AC9008003B5 /* News+CoreDataClass.swift */; };
		CE8487BA1FFD2AC9008003B5 /* News+CoreDataProperties.swift in Sources */ = {isa = PBXBuildFile; fileRef = CE8487B81FFD2AC9008003B5 /* News+CoreDataProperties.swift */; };
		CE866DA92017321800A5787B /* EventData+.swift in Sources */ = {isa = PBXBuildFile; fileRef = CE866DA82017321800A5787B /* EventData+.swift */; };
		CE8A847C200CCB1800D0624F /* CalendarEventHelperTests.swift in Sources */ = {isa = PBXBuildFile; fileRef = CE8A847B200CCB1800D0624F /* CalendarEventHelperTests.swift */; };
		CEB0027D2008BF9C007084C9 /* CalendarEventHelper.swift in Sources */ = {isa = PBXBuildFile; fileRef = CEB0027C2008BF9C007084C9 /* CalendarEventHelper.swift */; };
		CEB4E9161FFD2343002E183F /* News+.swift in Sources */ = {isa = PBXBuildFile; fileRef = CEB4E9151FFD2343002E183F /* News+.swift */; };
		CEC042851FFE205E004E9A20 /* NewsHelper.swift in Sources */ = {isa = PBXBuildFile; fileRef = CEC042841FFE205E004E9A20 /* NewsHelper.swift */; };
		CEC66C742011E92300B785F8 /* CalendarEventHelper+EventKit.swift in Sources */ = {isa = PBXBuildFile; fileRef = CEC66C732011E92300B785F8 /* CalendarEventHelper+EventKit.swift */; };
		CEF363F22010D9B300793D63 /* CalendarEvent.swift in Sources */ = {isa = PBXBuildFile; fileRef = CEF363F12010D9B300793D63 /* CalendarEvent.swift */; };
/* End PBXBuildFile section */

/* Begin PBXContainerItemProxy section */
		C3A5A9171EBCC17600825DBF /* PBXContainerItemProxy */ = {
			isa = PBXContainerItemProxy;
			containerPortal = C3A5A8F71EBCC17600825DBF /* Project object */;
			proxyType = 1;
			remoteGlobalIDString = C3A5A8FE1EBCC17600825DBF;
			remoteInfo = schulcloud;
		};
		C3A5A9221EBCC17600825DBF /* PBXContainerItemProxy */ = {
			isa = PBXContainerItemProxy;
			containerPortal = C3A5A8F71EBCC17600825DBF /* Project object */;
			proxyType = 1;
			remoteGlobalIDString = C3A5A8FE1EBCC17600825DBF;
			remoteInfo = schulcloud;
		};
/* End PBXContainerItemProxy section */

/* Begin PBXFileReference section */
		09D7CC393E1856DD7EF9B21F /* Pods_schulcloud.framework */ = {isa = PBXFileReference; explicitFileType = wrapper.framework; includeInIndex = 0; path = Pods_schulcloud.framework; sourceTree = BUILT_PRODUCTS_DIR; };
		270BA83590B5166B5A30D6B3 /* Pods_schulcloudUITests.framework */ = {isa = PBXFileReference; explicitFileType = wrapper.framework; includeInIndex = 0; path = Pods_schulcloudUITests.framework; sourceTree = BUILT_PRODUCTS_DIR; };
		389B64CA22013634E6CFD243 /* Pods-schulcloudUITests.debug.xcconfig */ = {isa = PBXFileReference; includeInIndex = 1; lastKnownFileType = text.xcconfig; name = "Pods-schulcloudUITests.debug.xcconfig"; path = "Pods/Target Support Files/Pods-schulcloudUITests/Pods-schulcloudUITests.debug.xcconfig"; sourceTree = "<group>"; };
		3D45737A1EE02065009A30E2 /* CalendarViewController.swift */ = {isa = PBXFileReference; fileEncoding = 4; lastKnownFileType = sourcecode.swift; path = CalendarViewController.swift; sourceTree = "<group>"; };
		3DD869101ECE3F6100814392 /* PT_Sans-Web-Bold.ttf */ = {isa = PBXFileReference; lastKnownFileType = file; name = "PT_Sans-Web-Bold.ttf"; path = "schulcloud/fonts/PT_Sans-Web-Bold.ttf"; sourceTree = "<group>"; };
		3DD869111ECE3F6100814392 /* PT_Sans-Web-BoldItalic.ttf */ = {isa = PBXFileReference; lastKnownFileType = file; name = "PT_Sans-Web-BoldItalic.ttf"; path = "schulcloud/fonts/PT_Sans-Web-BoldItalic.ttf"; sourceTree = "<group>"; };
		3DD869121ECE3F6100814392 /* PT_Sans-Web-Italic.ttf */ = {isa = PBXFileReference; lastKnownFileType = file; name = "PT_Sans-Web-Italic.ttf"; path = "schulcloud/fonts/PT_Sans-Web-Italic.ttf"; sourceTree = "<group>"; };
		3DD869131ECE3F6100814392 /* PT_Sans-Web-Regular.ttf */ = {isa = PBXFileReference; lastKnownFileType = file; name = "PT_Sans-Web-Regular.ttf"; path = "schulcloud/fonts/PT_Sans-Web-Regular.ttf"; sourceTree = "<group>"; };
		503A5EFA1F3DB86C00A7695B /* Base */ = {isa = PBXFileReference; lastKnownFileType = file.storyboard; name = Base; path = Base.lproj/TabSettings.storyboard; sourceTree = "<group>"; };
		503A5EFC1F3DC5DC00A7695B /* TabCourses.storyboard */ = {isa = PBXFileReference; lastKnownFileType = file.storyboard; name = TabCourses.storyboard; path = Base.lproj/TabCourses.storyboard; sourceTree = "<group>"; };
		503A5EFE1F3DC6A400A7695B /* TabFiles.storyboard */ = {isa = PBXFileReference; lastKnownFileType = file.storyboard; name = TabFiles.storyboard; path = Base.lproj/TabFiles.storyboard; sourceTree = "<group>"; };
		503A5F001F3DC6C700A7695B /* TabDashboard.storyboard */ = {isa = PBXFileReference; lastKnownFileType = file.storyboard; name = TabDashboard.storyboard; path = Base.lproj/TabDashboard.storyboard; sourceTree = "<group>"; };
		503C1C001F6181BF00CF369D /* CalendarOverviewViewController.swift */ = {isa = PBXFileReference; lastKnownFileType = sourcecode.swift; path = CalendarOverviewViewController.swift; sourceTree = "<group>"; };
		5050AAE71F49C13600EF5CF9 /* Pods_schulcloud_schulcloudTests.framework */ = {isa = PBXFileReference; lastKnownFileType = wrapper.framework; name = Pods_schulcloud_schulcloudTests.framework; path = "Pods/../build/Debug-iphoneos/Pods_schulcloud_schulcloudTests.framework"; sourceTree = "<group>"; };
		5050AAE81F49C13600EF5CF9 /* Pods_schulcloud_schulcloudUITests.framework */ = {isa = PBXFileReference; lastKnownFileType = wrapper.framework; name = Pods_schulcloud_schulcloudUITests.framework; path = "Pods/../build/Debug-iphoneos/Pods_schulcloud_schulcloudUITests.framework"; sourceTree = "<group>"; };
		5050AAEB1F49C15000EF5CF9 /* Pods_schulcloud_schulcloudTests.framework */ = {isa = PBXFileReference; lastKnownFileType = wrapper.framework; name = Pods_schulcloud_schulcloudTests.framework; path = "Pods/../build/Debug-iphoneos/Pods_schulcloud_schulcloudTests.framework"; sourceTree = "<group>"; };
		5050AAEC1F49C15000EF5CF9 /* Pods_schulcloud_schulcloudUITests.framework */ = {isa = PBXFileReference; lastKnownFileType = wrapper.framework; name = Pods_schulcloud_schulcloudUITests.framework; path = "Pods/../build/Debug-iphoneos/Pods_schulcloud_schulcloudUITests.framework"; sourceTree = "<group>"; };
		5059C14A1F62B35900E8023C /* Date+TimeZone.swift */ = {isa = PBXFileReference; lastKnownFileType = sourcecode.swift; path = "Date+TimeZone.swift"; sourceTree = "<group>"; };
		506D146E1F56F81D00AA5613 /* UIView+shake.swift */ = {isa = PBXFileReference; lastKnownFileType = sourcecode.swift; path = "UIView+shake.swift"; sourceTree = "<group>"; };
		507684BF1F5D9AAF00EEC7FA /* HomeworkDetailViewController.swift */ = {isa = PBXFileReference; lastKnownFileType = sourcecode.swift; path = HomeworkDetailViewController.swift; sourceTree = "<group>"; };
		508257991F5E90F500A4FF6A /* Homework+.swift */ = {isa = PBXFileReference; lastKnownFileType = sourcecode.swift; path = "Homework+.swift"; sourceTree = "<group>"; };
		509A93371F541512001167DE /* DashboardViewController.swift */ = {isa = PBXFileReference; lastKnownFileType = sourcecode.swift; path = DashboardViewController.swift; sourceTree = "<group>"; };
		509A93391F541668001167DE /* ShortNotificationViewController.swift */ = {isa = PBXFileReference; lastKnownFileType = sourcecode.swift; path = ShortNotificationViewController.swift; sourceTree = "<group>"; };
		509B10D52008E5840042AA7D /* NSMutableAttributedString+trim.swift */ = {isa = PBXFileReference; lastKnownFileType = sourcecode.swift; path = "NSMutableAttributedString+trim.swift"; sourceTree = "<group>"; };
		50A1CDE31F501A0C006E9B69 /* NotificationViewController.swift */ = {isa = PBXFileReference; lastKnownFileType = sourcecode.swift; path = NotificationViewController.swift; sourceTree = "<group>"; };
		50A1CDE51F501AC5006E9B69 /* NotificationCell.swift */ = {isa = PBXFileReference; lastKnownFileType = sourcecode.swift; path = NotificationCell.swift; sourceTree = "<group>"; };
		50D6432C1F8E09E200A89331 /* HomeworkOverviewViewController.swift */ = {isa = PBXFileReference; lastKnownFileType = sourcecode.swift; path = HomeworkOverviewViewController.swift; sourceTree = "<group>"; };
		50E8015B1F45C82800B6F8DA /* EventData+CoreDataClass.swift */ = {isa = PBXFileReference; lastKnownFileType = sourcecode.swift; path = "EventData+CoreDataClass.swift"; sourceTree = "<group>"; };
		50E8015C1F45C82800B6F8DA /* EventData+CoreDataProperties.swift */ = {isa = PBXFileReference; lastKnownFileType = sourcecode.swift; path = "EventData+CoreDataProperties.swift"; sourceTree = "<group>"; };
		50ED3C4B1F49E62C00CD8466 /* Pods_schulcloud.framework */ = {isa = PBXFileReference; lastKnownFileType = wrapper.framework; name = Pods_schulcloud.framework; path = "../../../Library/Developer/Xcode/DerivedData/schulcloud-avlkvehcgbgawffjtgnfanivmgvf/Build/Products/Debug-iphonesimulator/Pods_schulcloud.framework"; sourceTree = "<group>"; };
		50F3984C202C7CDD00ADAE5D /* GoogleService-Info-Debug.plist */ = {isa = PBXFileReference; fileEncoding = 4; lastKnownFileType = text.plist.xml; path = "GoogleService-Info-Debug.plist"; sourceTree = "<group>"; };
		50F3984D202C7CDD00ADAE5D /* GoogleService-Info-Release.plist */ = {isa = PBXFileReference; fileEncoding = 4; lastKnownFileType = text.plist.xml; path = "GoogleService-Info-Release.plist"; sourceTree = "<group>"; };
		545C97A8DFD815A5CDCD6C3F /* Pods-schulcloud.release.xcconfig */ = {isa = PBXFileReference; includeInIndex = 1; lastKnownFileType = text.xcconfig; name = "Pods-schulcloud.release.xcconfig"; path = "Pods/Target Support Files/Pods-schulcloud/Pods-schulcloud.release.xcconfig"; sourceTree = "<group>"; };
		6202C4172802EF2A0B49B22E /* Pods-schulcloudTests.release.xcconfig */ = {isa = PBXFileReference; includeInIndex = 1; lastKnownFileType = text.xcconfig; name = "Pods-schulcloudTests.release.xcconfig"; path = "Pods/Target Support Files/Pods-schulcloudTests/Pods-schulcloudTests.release.xcconfig"; sourceTree = "<group>"; };
		6A95051FD2A0A46DC119427B /* Pods_schulcloudTests.framework */ = {isa = PBXFileReference; explicitFileType = wrapper.framework; includeInIndex = 0; path = Pods_schulcloudTests.framework; sourceTree = BUILT_PRODUCTS_DIR; };
		8311124C4B68A962896AF291 /* Pods-schulcloud.debug.xcconfig */ = {isa = PBXFileReference; includeInIndex = 1; lastKnownFileType = text.xcconfig; name = "Pods-schulcloud.debug.xcconfig"; path = "Pods/Target Support Files/Pods-schulcloud/Pods-schulcloud.debug.xcconfig"; sourceTree = "<group>"; };
		9425546F91D107FCBF633B36 /* Pods-schulcloudUITests.release.xcconfig */ = {isa = PBXFileReference; includeInIndex = 1; lastKnownFileType = text.xcconfig; name = "Pods-schulcloudUITests.release.xcconfig"; path = "Pods/Target Support Files/Pods-schulcloudUITests/Pods-schulcloudUITests.release.xcconfig"; sourceTree = "<group>"; };
		995426AC92C9452D1ED0246A /* Pods_schulcloud_schulcloudUITests.framework */ = {isa = PBXFileReference; explicitFileType = wrapper.framework; includeInIndex = 0; path = Pods_schulcloud_schulcloudUITests.framework; sourceTree = BUILT_PRODUCTS_DIR; };
		BFBD1AD7CC68AD6AE57843C4 /* Pods_schulcloud_schulcloudTests.framework */ = {isa = PBXFileReference; explicitFileType = wrapper.framework; includeInIndex = 0; path = Pods_schulcloud_schulcloudTests.framework; sourceTree = BUILT_PRODUCTS_DIR; };
		C00572D0E333691EC3007D54 /* Pods-schulcloudTests.debug.xcconfig */ = {isa = PBXFileReference; includeInIndex = 1; lastKnownFileType = text.xcconfig; name = "Pods-schulcloudTests.debug.xcconfig"; path = "Pods/Target Support Files/Pods-schulcloudTests/Pods-schulcloudTests.debug.xcconfig"; sourceTree = "<group>"; };
		C3165F1C1EDC1BAE005F5B8E /* HomeworkTableViewCell.swift */ = {isa = PBXFileReference; fileEncoding = 4; lastKnownFileType = sourcecode.swift; path = HomeworkTableViewCell.swift; sourceTree = "<group>"; };
		C3165F1E1EDC1EC6005F5B8E /* NSAttributedString+HTML.swift */ = {isa = PBXFileReference; fileEncoding = 4; lastKnownFileType = sourcecode.swift; path = "NSAttributedString+HTML.swift"; sourceTree = "<group>"; };
		C31C84261ECF546E00FA070C /* WebviewPreviewViewContoller.swift */ = {isa = PBXFileReference; fileEncoding = 4; lastKnownFileType = sourcecode.swift; path = WebviewPreviewViewContoller.swift; sourceTree = "<group>"; };
		C31C84291ECF553700FA070C /* PreviewManager.swift */ = {isa = PBXFileReference; fileEncoding = 4; lastKnownFileType = sourcecode.swift; path = PreviewManager.swift; sourceTree = "<group>"; };
		C31C842D1ECF586500FA070C /* LoadingViewController.swift */ = {isa = PBXFileReference; fileEncoding = 4; lastKnownFileType = sourcecode.swift; path = LoadingViewController.swift; sourceTree = "<group>"; };
		C31F623E1F7BF11300D46652 /* HomeworkSubmissionHelper.swift */ = {isa = PBXFileReference; lastKnownFileType = sourcecode.swift; path = HomeworkSubmissionHelper.swift; sourceTree = "<group>"; };
		C31F62401F7BF2D100D46652 /* HomeworkSubmission+.swift */ = {isa = PBXFileReference; lastKnownFileType = sourcecode.swift; path = "HomeworkSubmission+.swift"; sourceTree = "<group>"; };
		C31F62421F7D3D1D00D46652 /* HomeworkSubmission+CoreDataClass.swift */ = {isa = PBXFileReference; lastKnownFileType = sourcecode.swift; path = "HomeworkSubmission+CoreDataClass.swift"; sourceTree = "<group>"; };
		C31F62431F7D3D1D00D46652 /* HomeworkSubmission+CoreDataProperties.swift */ = {isa = PBXFileReference; lastKnownFileType = sourcecode.swift; path = "HomeworkSubmission+CoreDataProperties.swift"; sourceTree = "<group>"; };
		C31F62441F7D3D1D00D46652 /* HomeworkComment+CoreDataClass.swift */ = {isa = PBXFileReference; lastKnownFileType = sourcecode.swift; path = "HomeworkComment+CoreDataClass.swift"; sourceTree = "<group>"; };
		C31F62451F7D3D1D00D46652 /* HomeworkComment+CoreDataProperties.swift */ = {isa = PBXFileReference; lastKnownFileType = sourcecode.swift; path = "HomeworkComment+CoreDataProperties.swift"; sourceTree = "<group>"; };
		C328708B1EDD58C700ABA348 /* User+.swift */ = {isa = PBXFileReference; fileEncoding = 4; lastKnownFileType = sourcecode.swift; path = "User+.swift"; sourceTree = "<group>"; };
		C32870991EDDBCB000ABA348 /* UserGroup+CoreDataClass.swift */ = {isa = PBXFileReference; fileEncoding = 4; lastKnownFileType = sourcecode.swift; path = "UserGroup+CoreDataClass.swift"; sourceTree = "<group>"; };
		C328709A1EDDBCB000ABA348 /* UserGroup+CoreDataProperties.swift */ = {isa = PBXFileReference; fileEncoding = 4; lastKnownFileType = sourcecode.swift; path = "UserGroup+CoreDataProperties.swift"; sourceTree = "<group>"; };
		C328709B1EDDBCB000ABA348 /* Course+CoreDataClass.swift */ = {isa = PBXFileReference; fileEncoding = 4; lastKnownFileType = sourcecode.swift; path = "Course+CoreDataClass.swift"; sourceTree = "<group>"; };
		C328709C1EDDBCB000ABA348 /* Course+CoreDataProperties.swift */ = {isa = PBXFileReference; fileEncoding = 4; lastKnownFileType = sourcecode.swift; path = "Course+CoreDataProperties.swift"; sourceTree = "<group>"; };
		C328709D1EDDBCB000ABA348 /* Homework+CoreDataProperties.swift */ = {isa = PBXFileReference; fileEncoding = 4; lastKnownFileType = sourcecode.swift; path = "Homework+CoreDataProperties.swift"; sourceTree = "<group>"; };
		C328709E1EDDBCB000ABA348 /* User+CoreDataClass.swift */ = {isa = PBXFileReference; fileEncoding = 4; lastKnownFileType = sourcecode.swift; path = "User+CoreDataClass.swift"; sourceTree = "<group>"; };
		C328709F1EDDBCB000ABA348 /* User+CoreDataProperties.swift */ = {isa = PBXFileReference; fileEncoding = 4; lastKnownFileType = sourcecode.swift; path = "User+CoreDataProperties.swift"; sourceTree = "<group>"; };
		C32870A81EDDD3D100ABA348 /* Course+.swift */ = {isa = PBXFileReference; fileEncoding = 4; lastKnownFileType = sourcecode.swift; path = "Course+.swift"; sourceTree = "<group>"; };
		C32870AE1EDF24F600ABA348 /* Content+CoreDataClass.swift */ = {isa = PBXFileReference; fileEncoding = 4; lastKnownFileType = sourcecode.swift; path = "Content+CoreDataClass.swift"; sourceTree = "<group>"; };
		C32870AF1EDF24F600ABA348 /* Content+CoreDataProperties.swift */ = {isa = PBXFileReference; fileEncoding = 4; lastKnownFileType = sourcecode.swift; path = "Content+CoreDataProperties.swift"; sourceTree = "<group>"; };
		C32870B01EDF24F600ABA348 /* Lesson+CoreDataClass.swift */ = {isa = PBXFileReference; fileEncoding = 4; lastKnownFileType = sourcecode.swift; path = "Lesson+CoreDataClass.swift"; sourceTree = "<group>"; };
		C32870B11EDF24F600ABA348 /* Lesson+CoreDataProperties.swift */ = {isa = PBXFileReference; fileEncoding = 4; lastKnownFileType = sourcecode.swift; path = "Lesson+CoreDataProperties.swift"; sourceTree = "<group>"; };
		C32870B61EDF2C1300ABA348 /* Lesson+.swift */ = {isa = PBXFileReference; fileEncoding = 4; lastKnownFileType = sourcecode.swift; path = "Lesson+.swift"; sourceTree = "<group>"; };
		C32870B81EDF2E1E00ABA348 /* Content+.swift */ = {isa = PBXFileReference; fileEncoding = 4; lastKnownFileType = sourcecode.swift; path = "Content+.swift"; sourceTree = "<group>"; };
		C32870BB1EDF32C600ABA348 /* CoursesViewController.swift */ = {isa = PBXFileReference; fileEncoding = 4; lastKnownFileType = sourcecode.swift; path = CoursesViewController.swift; sourceTree = "<group>"; };
		C32870BD1EDF356800ABA348 /* CourseHelper.swift */ = {isa = PBXFileReference; fileEncoding = 4; lastKnownFileType = sourcecode.swift; path = CourseHelper.swift; sourceTree = "<group>"; };
		C32870BF1EE0228600ABA348 /* LessonHelper.swift */ = {isa = PBXFileReference; fileEncoding = 4; lastKnownFileType = sourcecode.swift; path = LessonHelper.swift; sourceTree = "<group>"; };
		C32870C11EE0250500ABA348 /* LessonsViewController.swift */ = {isa = PBXFileReference; fileEncoding = 4; lastKnownFileType = sourcecode.swift; path = LessonsViewController.swift; sourceTree = "<group>"; };
		C3418B5F1ECDAB9F00280E62 /* FileHelper.swift */ = {isa = PBXFileReference; fileEncoding = 4; lastKnownFileType = sourcecode.swift; path = FileHelper.swift; sourceTree = "<group>"; };
		C3418B611ECEE6FB00280E62 /* FilesViewController.swift */ = {isa = PBXFileReference; fileEncoding = 4; lastKnownFileType = sourcecode.swift; path = FilesViewController.swift; sourceTree = "<group>"; };
		C3418B631ED2E89F00280E62 /* FileListCell.swift */ = {isa = PBXFileReference; fileEncoding = 4; lastKnownFileType = sourcecode.swift; path = FileListCell.swift; sourceTree = "<group>"; };
		C3418B651ED335F300280E62 /* PreviewTransitionViewController.xib */ = {isa = PBXFileReference; fileEncoding = 4; lastKnownFileType = file.xib; name = PreviewTransitionViewController.xib; path = Base.lproj/PreviewTransitionViewController.xib; sourceTree = "<group>"; };
		C3418B661ED335F300280E62 /* WebviewPreviewViewContoller.xib */ = {isa = PBXFileReference; fileEncoding = 4; lastKnownFileType = file.xib; name = WebviewPreviewViewContoller.xib; path = Base.lproj/WebviewPreviewViewContoller.xib; sourceTree = "<group>"; };
		C3418B6A1ED5CB3400280E62 /* Homework+CoreDataClass.swift */ = {isa = PBXFileReference; fileEncoding = 4; lastKnownFileType = sourcecode.swift; path = "Homework+CoreDataClass.swift"; sourceTree = "<group>"; };
		C3418B6E1ED5CF1F00280E62 /* Date+Marshal.swift */ = {isa = PBXFileReference; fileEncoding = 4; lastKnownFileType = sourcecode.swift; path = "Date+Marshal.swift"; sourceTree = "<group>"; };
		C36C23371EC9DE0700D4163E /* SCError.swift */ = {isa = PBXFileReference; fileEncoding = 4; lastKnownFileType = sourcecode.swift; path = SCError.swift; sourceTree = "<group>"; };
		C36C233A1ECC965400D4163E /* CoreData.swift */ = {isa = PBXFileReference; fileEncoding = 4; lastKnownFileType = sourcecode.swift; path = CoreData.swift; sourceTree = "<group>"; };
		C378D2C31ECC976800AE8CEA /* schulcloud.xcdatamodel */ = {isa = PBXFileReference; lastKnownFileType = wrapper.xcdatamodel; path = schulcloud.xcdatamodel; sourceTree = "<group>"; };
		C38419161EF602AA00A616B3 /* SplitViewController.swift */ = {isa = PBXFileReference; fileEncoding = 4; lastKnownFileType = sourcecode.swift; path = SplitViewController.swift; sourceTree = "<group>"; };
		C39495E61F6ACF55009DD7A4 /* BrightFutures+.swift */ = {isa = PBXFileReference; lastKnownFileType = sourcecode.swift; path = "BrightFutures+.swift"; sourceTree = "<group>"; };
		C39495E81F6AE0D9009DD7A4 /* HomeworkSubmissionViewController.swift */ = {isa = PBXFileReference; lastKnownFileType = sourcecode.swift; path = HomeworkSubmissionViewController.swift; sourceTree = "<group>"; };
		C3A5A8FF1EBCC17600825DBF /* Schul-Cloud.app */ = {isa = PBXFileReference; explicitFileType = wrapper.application; includeInIndex = 0; path = "Schul-Cloud.app"; sourceTree = BUILT_PRODUCTS_DIR; };
		C3A5A9021EBCC17600825DBF /* AppDelegate.swift */ = {isa = PBXFileReference; lastKnownFileType = sourcecode.swift; path = AppDelegate.swift; sourceTree = "<group>"; };
		C3A5A9041EBCC17600825DBF /* ViewController.swift */ = {isa = PBXFileReference; lastKnownFileType = sourcecode.swift; path = ViewController.swift; sourceTree = "<group>"; };
		C3A5A9071EBCC17600825DBF /* Base */ = {isa = PBXFileReference; lastKnownFileType = file.storyboard; name = Base; path = Base.lproj/Main.storyboard; sourceTree = "<group>"; };
		C3A5A90C1EBCC17600825DBF /* Assets.xcassets */ = {isa = PBXFileReference; lastKnownFileType = folder.assetcatalog; path = Assets.xcassets; sourceTree = "<group>"; };
		C3A5A90F1EBCC17600825DBF /* Base */ = {isa = PBXFileReference; lastKnownFileType = file.storyboard; name = Base; path = Base.lproj/LaunchScreen.storyboard; sourceTree = "<group>"; };
		C3A5A9111EBCC17600825DBF /* Info.plist */ = {isa = PBXFileReference; lastKnownFileType = text.plist.xml; path = Info.plist; sourceTree = "<group>"; };
		C3A5A9161EBCC17600825DBF /* schulcloudTests.xctest */ = {isa = PBXFileReference; explicitFileType = wrapper.cfbundle; includeInIndex = 0; path = schulcloudTests.xctest; sourceTree = BUILT_PRODUCTS_DIR; };
		C3A5A91A1EBCC17600825DBF /* schulcloudTests.swift */ = {isa = PBXFileReference; lastKnownFileType = sourcecode.swift; path = schulcloudTests.swift; sourceTree = "<group>"; };
		C3A5A91C1EBCC17600825DBF /* Info.plist */ = {isa = PBXFileReference; lastKnownFileType = text.plist.xml; path = Info.plist; sourceTree = "<group>"; };
		C3A5A9211EBCC17600825DBF /* schulcloudUITests.xctest */ = {isa = PBXFileReference; explicitFileType = wrapper.cfbundle; includeInIndex = 0; path = schulcloudUITests.xctest; sourceTree = BUILT_PRODUCTS_DIR; };
		C3A5A9251EBCC17600825DBF /* schulcloudUITests.swift */ = {isa = PBXFileReference; lastKnownFileType = sourcecode.swift; path = schulcloudUITests.swift; sourceTree = "<group>"; };
		C3A5A9271EBCC17600825DBF /* Info.plist */ = {isa = PBXFileReference; lastKnownFileType = text.plist.xml; path = Info.plist; sourceTree = "<group>"; };
		C3A5A9331EBCCE3B00825DBF /* LoginViewController.swift */ = {isa = PBXFileReference; fileEncoding = 4; lastKnownFileType = sourcecode.swift; path = LoginViewController.swift; sourceTree = "<group>"; };
		C3A5A9381EBCD0C600825DBF /* Constants.swift */ = {isa = PBXFileReference; fileEncoding = 4; lastKnownFileType = sourcecode.swift; path = Constants.swift; sourceTree = "<group>"; };
		C3A5A93A1EC0766F00825DBF /* Account.swift */ = {isa = PBXFileReference; fileEncoding = 4; lastKnownFileType = sourcecode.swift; path = Account.swift; sourceTree = "<group>"; };
		C3AB48991EDAE8A800692505 /* HomeworkViewController.swift */ = {isa = PBXFileReference; fileEncoding = 4; lastKnownFileType = sourcecode.swift; path = HomeworkViewController.swift; sourceTree = "<group>"; };
		C3AB489B1EDAE97600692505 /* HomeworkHelper.swift */ = {isa = PBXFileReference; fileEncoding = 4; lastKnownFileType = sourcecode.swift; path = HomeworkHelper.swift; sourceTree = "<group>"; };
		C3AB489D1EDB260E00692505 /* Alamofire+BrightFutures.swift */ = {isa = PBXFileReference; fileEncoding = 4; lastKnownFileType = sourcecode.swift; path = "Alamofire+BrightFutures.swift"; sourceTree = "<group>"; };
		C3B7DB131EF5EB1800A2F2B5 /* HtmlTableViewCell.swift */ = {isa = PBXFileReference; lastKnownFileType = sourcecode.swift; path = HtmlTableViewCell.swift; sourceTree = "<group>"; };
		C3C080541EE607F6005FA7C3 /* CourseCell.swift */ = {isa = PBXFileReference; lastKnownFileType = sourcecode.swift; path = CourseCell.swift; sourceTree = "<group>"; };
		C3C2AC211EC3A7E90060AECA /* SettingsViewController.swift */ = {isa = PBXFileReference; fileEncoding = 4; lastKnownFileType = sourcecode.swift; path = SettingsViewController.swift; sourceTree = "<group>"; };
		C3C2AC231EC3AAA80060AECA /* LoginHelper.swift */ = {isa = PBXFileReference; fileEncoding = 4; lastKnownFileType = sourcecode.swift; path = LoginHelper.swift; sourceTree = "<group>"; };
		C3C2AC2F1EC4902F0060AECA /* File+CoreDataClass.swift */ = {isa = PBXFileReference; fileEncoding = 4; lastKnownFileType = sourcecode.swift; path = "File+CoreDataClass.swift"; sourceTree = "<group>"; };
		C3C2AC341EC59F0E0060AECA /* schulcloud.entitlements */ = {isa = PBXFileReference; lastKnownFileType = text.plist.entitlements; path = schulcloud.entitlements; sourceTree = "<group>"; };
		C3C2AC351EC5AC460060AECA /* Notifications.swift */ = {isa = PBXFileReference; fileEncoding = 4; lastKnownFileType = sourcecode.swift; path = Notifications.swift; sourceTree = "<group>"; };
		C3C2AC371EC5AC750060AECA /* ApiHelper.swift */ = {isa = PBXFileReference; fileEncoding = 4; lastKnownFileType = sourcecode.swift; path = ApiHelper.swift; sourceTree = "<group>"; };
		C3C3CAB01EF5CBB6009601AE /* SingleLessonViewController.swift */ = {isa = PBXFileReference; lastKnownFileType = sourcecode.swift; path = SingleLessonViewController.swift; sourceTree = "<group>"; };
		C3FEB92A1F67E7F400BAD9D7 /* UIColor+Branding.swift */ = {isa = PBXFileReference; lastKnownFileType = sourcecode.swift; path = "UIColor+Branding.swift"; sourceTree = "<group>"; };
		CE1DAC582004CE0200CEE4C2 /* String+.swift */ = {isa = PBXFileReference; lastKnownFileType = sourcecode.swift; path = "String+.swift"; sourceTree = "<group>"; };
		CE644E8820232710003AE700 /* UIColor+hexString.swift */ = {isa = PBXFileReference; lastKnownFileType = sourcecode.swift; path = "UIColor+hexString.swift"; sourceTree = "<group>"; };
		CE737A4B1FFE6354006DAB54 /* TabNews.storyboard */ = {isa = PBXFileReference; lastKnownFileType = file.storyboard; path = TabNews.storyboard; sourceTree = "<group>"; };
		CE737A4D1FFE65B0006DAB54 /* NewsArticleCell.swift */ = {isa = PBXFileReference; lastKnownFileType = sourcecode.swift; path = NewsArticleCell.swift; sourceTree = "<group>"; };
		CE737A4F1FFE6929006DAB54 /* NewsListViewController.swift */ = {isa = PBXFileReference; lastKnownFileType = sourcecode.swift; path = NewsListViewController.swift; sourceTree = "<group>"; };
		CE8487B71FFD2AC9008003B5 /* News+CoreDataClass.swift */ = {isa = PBXFileReference; lastKnownFileType = sourcecode.swift; path = "News+CoreDataClass.swift"; sourceTree = "<group>"; };
		CE8487B81FFD2AC9008003B5 /* News+CoreDataProperties.swift */ = {isa = PBXFileReference; lastKnownFileType = sourcecode.swift; path = "News+CoreDataProperties.swift"; sourceTree = "<group>"; };
		CE866DA82017321800A5787B /* EventData+.swift */ = {isa = PBXFileReference; lastKnownFileType = sourcecode.swift; path = "EventData+.swift"; sourceTree = "<group>"; };
		CE8A847B200CCB1800D0624F /* CalendarEventHelperTests.swift */ = {isa = PBXFileReference; lastKnownFileType = sourcecode.swift; path = CalendarEventHelperTests.swift; sourceTree = "<group>"; };
		CEB0027C2008BF9C007084C9 /* CalendarEventHelper.swift */ = {isa = PBXFileReference; fileEncoding = 4; lastKnownFileType = sourcecode.swift; path = CalendarEventHelper.swift; sourceTree = "<group>"; };
		CEB4E9151FFD2343002E183F /* News+.swift */ = {isa = PBXFileReference; lastKnownFileType = sourcecode.swift; path = "News+.swift"; sourceTree = "<group>"; };
		CEC042841FFE205E004E9A20 /* NewsHelper.swift */ = {isa = PBXFileReference; lastKnownFileType = sourcecode.swift; path = NewsHelper.swift; sourceTree = "<group>"; };
		CEC66C732011E92300B785F8 /* CalendarEventHelper+EventKit.swift */ = {isa = PBXFileReference; lastKnownFileType = sourcecode.swift; path = "CalendarEventHelper+EventKit.swift"; sourceTree = "<group>"; };
		CEF363F12010D9B300793D63 /* CalendarEvent.swift */ = {isa = PBXFileReference; lastKnownFileType = sourcecode.swift; path = CalendarEvent.swift; sourceTree = "<group>"; };
/* End PBXFileReference section */

/* Begin PBXFrameworksBuildPhase section */
		C3A5A8FC1EBCC17600825DBF /* Frameworks */ = {
			isa = PBXFrameworksBuildPhase;
			buildActionMask = 2147483647;
			files = (
				C63FB1F9B25BA375BFE83DFB /* Pods_schulcloud.framework in Frameworks */,
			);
			runOnlyForDeploymentPostprocessing = 0;
		};
		C3A5A9131EBCC17600825DBF /* Frameworks */ = {
			isa = PBXFrameworksBuildPhase;
			buildActionMask = 2147483647;
			files = (
			);
			runOnlyForDeploymentPostprocessing = 0;
		};
		C3A5A91E1EBCC17600825DBF /* Frameworks */ = {
			isa = PBXFrameworksBuildPhase;
			buildActionMask = 2147483647;
			files = (
			);
			runOnlyForDeploymentPostprocessing = 0;
		};
/* End PBXFrameworksBuildPhase section */

/* Begin PBXGroup section */
		3C4FFC2AB418A9FEA57D0908 /* Pods */ = {
			isa = PBXGroup;
			children = (
				8311124C4B68A962896AF291 /* Pods-schulcloud.debug.xcconfig */,
				545C97A8DFD815A5CDCD6C3F /* Pods-schulcloud.release.xcconfig */,
				C00572D0E333691EC3007D54 /* Pods-schulcloudTests.debug.xcconfig */,
				6202C4172802EF2A0B49B22E /* Pods-schulcloudTests.release.xcconfig */,
				389B64CA22013634E6CFD243 /* Pods-schulcloudUITests.debug.xcconfig */,
				9425546F91D107FCBF633B36 /* Pods-schulcloudUITests.release.xcconfig */,
			);
			name = Pods;
			sourceTree = "<group>";
		};
		3DD869181ECE3F7C00814392 /* fonts */ = {
			isa = PBXGroup;
			children = (
				3DD869101ECE3F6100814392 /* PT_Sans-Web-Bold.ttf */,
				3DD869111ECE3F6100814392 /* PT_Sans-Web-BoldItalic.ttf */,
				3DD869121ECE3F6100814392 /* PT_Sans-Web-Italic.ttf */,
				3DD869131ECE3F6100814392 /* PT_Sans-Web-Regular.ttf */,
			);
			name = fonts;
			sourceTree = "<group>";
		};
		506D14701F582BA700AA5613 /* Extensions */ = {
			isa = PBXGroup;
			children = (
				506D146E1F56F81D00AA5613 /* UIView+shake.swift */,
				5059C14A1F62B35900E8023C /* Date+TimeZone.swift */,
				C3FEB92A1F67E7F400BAD9D7 /* UIColor+Branding.swift */,
				C39495E61F6ACF55009DD7A4 /* BrightFutures+.swift */,
				CE1DAC582004CE0200CEE4C2 /* String+.swift */,
				509B10D52008E5840042AA7D /* NSMutableAttributedString+trim.swift */,
				CE644E8820232710003AE700 /* UIColor+hexString.swift */,
				C3165F1E1EDC1EC6005F5B8E /* NSAttributedString+HTML.swift */,
			);
			name = Extensions;
			sourceTree = "<group>";
		};
		50739CC91F56B9C600CD68C7 /* Views */ = {
			isa = PBXGroup;
			children = (
				C3C080541EE607F6005FA7C3 /* CourseCell.swift */,
				C3165F1C1EDC1BAE005F5B8E /* HomeworkTableViewCell.swift */,
				C3418B631ED2E89F00280E62 /* FileListCell.swift */,
				50A1CDE51F501AC5006E9B69 /* NotificationCell.swift */,
				CE737A4D1FFE65B0006DAB54 /* NewsArticleCell.swift */,
			);
			name = Views;
			sourceTree = "<group>";
		};
		7EDF8CE117CA0B1F9E1A25E7 /* Frameworks */ = {
			isa = PBXGroup;
			children = (
				50ED3C4B1F49E62C00CD8466 /* Pods_schulcloud.framework */,
				5050AAEB1F49C15000EF5CF9 /* Pods_schulcloud_schulcloudTests.framework */,
				5050AAE81F49C13600EF5CF9 /* Pods_schulcloud_schulcloudUITests.framework */,
				5050AAEC1F49C15000EF5CF9 /* Pods_schulcloud_schulcloudUITests.framework */,
				09D7CC393E1856DD7EF9B21F /* Pods_schulcloud.framework */,
				6A95051FD2A0A46DC119427B /* Pods_schulcloudTests.framework */,
				270BA83590B5166B5A30D6B3 /* Pods_schulcloudUITests.framework */,
				BFBD1AD7CC68AD6AE57843C4 /* Pods_schulcloud_schulcloudTests.framework */,
				5050AAE71F49C13600EF5CF9 /* Pods_schulcloud_schulcloudTests.framework */,
				995426AC92C9452D1ED0246A /* Pods_schulcloud_schulcloudUITests.framework */,
			);
			name = Frameworks;
			sourceTree = "<group>";
		};
		C31C84281ECF550C00FA070C /* File Preview */ = {
			isa = PBXGroup;
			children = (
				C31C84261ECF546E00FA070C /* WebviewPreviewViewContoller.swift */,
				C31C84291ECF553700FA070C /* PreviewManager.swift */,
				C31C842D1ECF586500FA070C /* LoadingViewController.swift */,
			);
			name = "File Preview";
			sourceTree = "<group>";
		};
		C32870A71EDDBCEE00ABA348 /* autogenerated */ = {
			isa = PBXGroup;
			children = (
				C31F62421F7D3D1D00D46652 /* HomeworkSubmission+CoreDataClass.swift */,
				C31F62431F7D3D1D00D46652 /* HomeworkSubmission+CoreDataProperties.swift */,
				C31F62441F7D3D1D00D46652 /* HomeworkComment+CoreDataClass.swift */,
				C31F62451F7D3D1D00D46652 /* HomeworkComment+CoreDataProperties.swift */,
				C32870AE1EDF24F600ABA348 /* Content+CoreDataClass.swift */,
				C32870AF1EDF24F600ABA348 /* Content+CoreDataProperties.swift */,
				C32870B01EDF24F600ABA348 /* Lesson+CoreDataClass.swift */,
				C32870B11EDF24F600ABA348 /* Lesson+CoreDataProperties.swift */,
				C32870991EDDBCB000ABA348 /* UserGroup+CoreDataClass.swift */,
				C328709A1EDDBCB000ABA348 /* UserGroup+CoreDataProperties.swift */,
				C328709B1EDDBCB000ABA348 /* Course+CoreDataClass.swift */,
				C328709C1EDDBCB000ABA348 /* Course+CoreDataProperties.swift */,
				C3418B6A1ED5CB3400280E62 /* Homework+CoreDataClass.swift */,
				C328709D1EDDBCB000ABA348 /* Homework+CoreDataProperties.swift */,
				C328709E1EDDBCB000ABA348 /* User+CoreDataClass.swift */,
				C328709F1EDDBCB000ABA348 /* User+CoreDataProperties.swift */,
				50E8015B1F45C82800B6F8DA /* EventData+CoreDataClass.swift */,
				50E8015C1F45C82800B6F8DA /* EventData+CoreDataProperties.swift */,
				CE8487B71FFD2AC9008003B5 /* News+CoreDataClass.swift */,
				CE8487B81FFD2AC9008003B5 /* News+CoreDataProperties.swift */,
			);
			name = autogenerated;
			sourceTree = "<group>";
		};
		C32870BA1EDF324300ABA348 /* synchronization */ = {
			isa = PBXGroup;
			children = (
				C328708B1EDD58C700ABA348 /* User+.swift */,
				C32870B81EDF2E1E00ABA348 /* Content+.swift */,
				C32870A81EDDD3D100ABA348 /* Course+.swift */,
				C32870B61EDF2C1300ABA348 /* Lesson+.swift */,
				C3C2AC2F1EC4902F0060AECA /* File+CoreDataClass.swift */,
				C3418B6E1ED5CF1F00280E62 /* Date+Marshal.swift */,
				508257991F5E90F500A4FF6A /* Homework+.swift */,
				CE866DA82017321800A5787B /* EventData+.swift */,
				CEB4E9151FFD2343002E183F /* News+.swift */,
				C31F62401F7BF2D100D46652 /* HomeworkSubmission+.swift */,
			);
			name = synchronization;
			sourceTree = "<group>";
		};
		C3418B691ED3360B00280E62 /* Files */ = {
			isa = PBXGroup;
			children = (
				C3418B651ED335F300280E62 /* PreviewTransitionViewController.xib */,
				C3418B661ED335F300280E62 /* WebviewPreviewViewContoller.xib */,
			);
			name = Files;
			sourceTree = "<group>";
		};
		C3A5A8F61EBCC17600825DBF = {
			isa = PBXGroup;
			children = (
				3DD869181ECE3F7C00814392 /* fonts */,
				C3A5A9011EBCC17600825DBF /* schulcloud */,
				C3A5A9191EBCC17600825DBF /* schulcloudTests */,
				C3A5A9241EBCC17600825DBF /* schulcloudUITests */,
				C3A5A9001EBCC17600825DBF /* Products */,
				3C4FFC2AB418A9FEA57D0908 /* Pods */,
				7EDF8CE117CA0B1F9E1A25E7 /* Frameworks */,
			);
			sourceTree = "<group>";
		};
		C3A5A9001EBCC17600825DBF /* Products */ = {
			isa = PBXGroup;
			children = (
				C3A5A8FF1EBCC17600825DBF /* Schul-Cloud.app */,
				C3A5A9161EBCC17600825DBF /* schulcloudTests.xctest */,
				C3A5A9211EBCC17600825DBF /* schulcloudUITests.xctest */,
			);
			name = Products;
			sourceTree = "<group>";
		};
		C3A5A9011EBCC17600825DBF /* schulcloud */ = {
			isa = PBXGroup;
			children = (
				C3A5A9371EBCD07B00825DBF /* Application */,
				C3C2AC331EC498F50060AECA /* Data */,
				C3A5A9351EBCD03600825DBF /* Controllers */,
				50739CC91F56B9C600CD68C7 /* Views */,
				C3A5A9361EBCD06200825DBF /* Storyboards */,
				C3C2AC251EC3B3980060AECA /* API */,
				506D14701F582BA700AA5613 /* Extensions */,
				C36C23371EC9DE0700D4163E /* SCError.swift */,
			);
			path = schulcloud;
			sourceTree = "<group>";
		};
		C3A5A9191EBCC17600825DBF /* schulcloudTests */ = {
			isa = PBXGroup;
			children = (
				C3A5A91A1EBCC17600825DBF /* schulcloudTests.swift */,
				C3A5A91C1EBCC17600825DBF /* Info.plist */,
				CE8A847B200CCB1800D0624F /* CalendarEventHelperTests.swift */,
			);
			path = schulcloudTests;
			sourceTree = "<group>";
		};
		C3A5A9241EBCC17600825DBF /* schulcloudUITests */ = {
			isa = PBXGroup;
			children = (
				C3A5A9251EBCC17600825DBF /* schulcloudUITests.swift */,
				C3A5A9271EBCC17600825DBF /* Info.plist */,
			);
			path = schulcloudUITests;
			sourceTree = "<group>";
		};
		C3A5A9351EBCD03600825DBF /* Controllers */ = {
			isa = PBXGroup;
			children = (
				C31C84281ECF550C00FA070C /* File Preview */,
				C3B7DB151EF5EB2200A2F2B5 /* Lesson */,
				C3418B611ECEE6FB00280E62 /* FilesViewController.swift */,
				C3A5A9041EBCC17600825DBF /* ViewController.swift */,
				C32870BB1EDF32C600ABA348 /* CoursesViewController.swift */,
				C3A5A9331EBCCE3B00825DBF /* LoginViewController.swift */,
				509A93371F541512001167DE /* DashboardViewController.swift */,
				C3C2AC211EC3A7E90060AECA /* SettingsViewController.swift */,
				3D45737A1EE02065009A30E2 /* CalendarViewController.swift */,
				C38419161EF602AA00A616B3 /* SplitViewController.swift */,
				50A1CDE31F501A0C006E9B69 /* NotificationViewController.swift */,
				509A93391F541668001167DE /* ShortNotificationViewController.swift */,
				503C1C001F6181BF00CF369D /* CalendarOverviewViewController.swift */,
				C3AB48991EDAE8A800692505 /* HomeworkViewController.swift */,
				507684BF1F5D9AAF00EEC7FA /* HomeworkDetailViewController.swift */,
				50D6432C1F8E09E200A89331 /* HomeworkOverviewViewController.swift */,
				CE737A4F1FFE6929006DAB54 /* NewsListViewController.swift */,
				C39495E81F6AE0D9009DD7A4 /* HomeworkSubmissionViewController.swift */,
			);
			name = Controllers;
			sourceTree = "<group>";
		};
		C3A5A9361EBCD06200825DBF /* Storyboards */ = {
			isa = PBXGroup;
			children = (
				C3418B691ED3360B00280E62 /* Files */,
				C3A5A9061EBCC17600825DBF /* Main.storyboard */,
				503A5F001F3DC6C700A7695B /* TabDashboard.storyboard */,
				503A5EFE1F3DC6A400A7695B /* TabFiles.storyboard */,
				503A5EFC1F3DC5DC00A7695B /* TabCourses.storyboard */,
				503A5EF91F3DB86C00A7695B /* TabSettings.storyboard */,
				CE737A4B1FFE6354006DAB54 /* TabNews.storyboard */,
				C3A5A90C1EBCC17600825DBF /* Assets.xcassets */,
				C3A5A90E1EBCC17600825DBF /* LaunchScreen.storyboard */,
			);
			name = Storyboards;
			sourceTree = "<group>";
		};
		C3A5A9371EBCD07B00825DBF /* Application */ = {
			isa = PBXGroup;
			children = (
				C3A5A9021EBCC17600825DBF /* AppDelegate.swift */,
				C3A5A9381EBCD0C600825DBF /* Constants.swift */,
				C3A5A93A1EC0766F00825DBF /* Account.swift */,
				50F3984C202C7CDD00ADAE5D /* GoogleService-Info-Debug.plist */,
				50F3984D202C7CDD00ADAE5D /* GoogleService-Info-Release.plist */,
				C3A5A9111EBCC17600825DBF /* Info.plist */,
				C3C2AC341EC59F0E0060AECA /* schulcloud.entitlements */,
			);
			name = Application;
			sourceTree = "<group>";
		};
		C3B7DB151EF5EB2200A2F2B5 /* Lesson */ = {
			isa = PBXGroup;
			children = (
				C32870C11EE0250500ABA348 /* LessonsViewController.swift */,
				C3C3CAB01EF5CBB6009601AE /* SingleLessonViewController.swift */,
				C3B7DB131EF5EB1800A2F2B5 /* HtmlTableViewCell.swift */,
			);
			name = Lesson;
			sourceTree = "<group>";
		};
		C3C2AC251EC3B3980060AECA /* API */ = {
			isa = PBXGroup;
			children = (
				C3C2AC351EC5AC460060AECA /* Notifications.swift */,
				C3C2AC231EC3AAA80060AECA /* LoginHelper.swift */,
				C3C2AC371EC5AC750060AECA /* ApiHelper.swift */,
				C3AB489D1EDB260E00692505 /* Alamofire+BrightFutures.swift */,
			);
			name = API;
			sourceTree = "<group>";
		};
		C3C2AC331EC498F50060AECA /* Data */ = {
			isa = PBXGroup;
			children = (
				C32870A71EDDBCEE00ABA348 /* autogenerated */,
				C32870BA1EDF324300ABA348 /* synchronization */,
				C36C233A1ECC965400D4163E /* CoreData.swift */,
				C378D2C21ECC976800AE8CEA /* schulcloud.xcdatamodeld */,
				C3AB489B1EDAE97600692505 /* HomeworkHelper.swift */,
				C31F623E1F7BF11300D46652 /* HomeworkSubmissionHelper.swift */,
				C32870BD1EDF356800ABA348 /* CourseHelper.swift */,
				C32870BF1EE0228600ABA348 /* LessonHelper.swift */,
				C3418B5F1ECDAB9F00280E62 /* FileHelper.swift */,
				CEB0027C2008BF9C007084C9 /* CalendarEventHelper.swift */,
				CEC66C732011E92300B785F8 /* CalendarEventHelper+EventKit.swift */,
				CEF363F12010D9B300793D63 /* CalendarEvent.swift */,
				CEC042841FFE205E004E9A20 /* NewsHelper.swift */,
			);
			name = Data;
			sourceTree = "<group>";
		};
/* End PBXGroup section */

/* Begin PBXNativeTarget section */
		C3A5A8FE1EBCC17600825DBF /* schulcloud */ = {
			isa = PBXNativeTarget;
			buildConfigurationList = C3A5A92A1EBCC17600825DBF /* Build configuration list for PBXNativeTarget "schulcloud" */;
			buildPhases = (
				92AF1094A1614F30A8A8E107 /* [CP] Check Pods Manifest.lock */,
				50B44D7A203A0328009DC2D3 /* Set Build number */,
				C3A5A8FB1EBCC17600825DBF /* Sources */,
				C3A5A8FC1EBCC17600825DBF /* Frameworks */,
				C3A5A8FD1EBCC17600825DBF /* Resources */,
				50F39850202C7E9200ADAE5D /* Copy GoogleServices-Info.plist */,
				DFB669BB58F24B67E05FBDAF /* [CP] Embed Pods Frameworks */,
				92F1821EE71547F849FC612C /* [CP] Copy Pods Resources */,
				50B44D7B203A0377009DC2D3 /* Clear Build number */,
			);
			buildRules = (
			);
			dependencies = (
			);
			name = schulcloud;
			productName = schulcloud;
			productReference = C3A5A8FF1EBCC17600825DBF /* Schul-Cloud.app */;
			productType = "com.apple.product-type.application";
		};
		C3A5A9151EBCC17600825DBF /* schulcloudTests */ = {
			isa = PBXNativeTarget;
			buildConfigurationList = C3A5A92D1EBCC17600825DBF /* Build configuration list for PBXNativeTarget "schulcloudTests" */;
			buildPhases = (
				C3A5A9121EBCC17600825DBF /* Sources */,
				C3A5A9131EBCC17600825DBF /* Frameworks */,
				C3A5A9141EBCC17600825DBF /* Resources */,
			);
			buildRules = (
			);
			dependencies = (
				C3A5A9181EBCC17600825DBF /* PBXTargetDependency */,
			);
			name = schulcloudTests;
			productName = schulcloudTests;
			productReference = C3A5A9161EBCC17600825DBF /* schulcloudTests.xctest */;
			productType = "com.apple.product-type.bundle.unit-test";
		};
		C3A5A9201EBCC17600825DBF /* schulcloudUITests */ = {
			isa = PBXNativeTarget;
			buildConfigurationList = C3A5A9301EBCC17600825DBF /* Build configuration list for PBXNativeTarget "schulcloudUITests" */;
			buildPhases = (
				C3A5A91D1EBCC17600825DBF /* Sources */,
				C3A5A91E1EBCC17600825DBF /* Frameworks */,
				C3A5A91F1EBCC17600825DBF /* Resources */,
			);
			buildRules = (
			);
			dependencies = (
				C3A5A9231EBCC17600825DBF /* PBXTargetDependency */,
			);
			name = schulcloudUITests;
			productName = schulcloudUITests;
			productReference = C3A5A9211EBCC17600825DBF /* schulcloudUITests.xctest */;
			productType = "com.apple.product-type.bundle.ui-testing";
		};
/* End PBXNativeTarget section */

/* Begin PBXProject section */
		C3A5A8F71EBCC17600825DBF /* Project object */ = {
			isa = PBXProject;
			attributes = {
				LastSwiftUpdateCheck = 0830;
				LastUpgradeCheck = 0830;
				ORGANIZATIONNAME = "Hasso-Plattner-Institut";
				TargetAttributes = {
					C3A5A8FE1EBCC17600825DBF = {
						CreatedOnToolsVersion = 8.3;
						DevelopmentTeam = WP53SSE8S6;
						LastSwiftMigration = 0920;
						ProvisioningStyle = Automatic;
						SystemCapabilities = {
							com.apple.Push = {
								enabled = 1;
							};
						};
					};
					C3A5A9151EBCC17600825DBF = {
						CreatedOnToolsVersion = 8.3;
						DevelopmentTeam = WP53SSE8S6;
						LastSwiftMigration = 0920;
						ProvisioningStyle = Automatic;
						TestTargetID = C3A5A8FE1EBCC17600825DBF;
					};
					C3A5A9201EBCC17600825DBF = {
						CreatedOnToolsVersion = 8.3;
						DevelopmentTeam = WP53SSE8S6;
						LastSwiftMigration = 0920;
						ProvisioningStyle = Automatic;
						TestTargetID = C3A5A8FE1EBCC17600825DBF;
					};
				};
			};
			buildConfigurationList = C3A5A8FA1EBCC17600825DBF /* Build configuration list for PBXProject "schulcloud" */;
			compatibilityVersion = "Xcode 3.2";
			developmentRegion = English;
			hasScannedForEncodings = 0;
			knownRegions = (
				en,
				Base,
			);
			mainGroup = C3A5A8F61EBCC17600825DBF;
			productRefGroup = C3A5A9001EBCC17600825DBF /* Products */;
			projectDirPath = "";
			projectRoot = "";
			targets = (
				C3A5A8FE1EBCC17600825DBF /* schulcloud */,
				C3A5A9151EBCC17600825DBF /* schulcloudTests */,
				C3A5A9201EBCC17600825DBF /* schulcloudUITests */,
			);
		};
/* End PBXProject section */

/* Begin PBXResourcesBuildPhase section */
		C3A5A8FD1EBCC17600825DBF /* Resources */ = {
			isa = PBXResourcesBuildPhase;
			buildActionMask = 2147483647;
			files = (
				C3418B681ED335F400280E62 /* WebviewPreviewViewContoller.xib in Resources */,
				3DD869161ECE3F6100814392 /* PT_Sans-Web-Italic.ttf in Resources */,
				3DD869141ECE3F6100814392 /* PT_Sans-Web-Bold.ttf in Resources */,
				C3A5A9101EBCC17600825DBF /* LaunchScreen.storyboard in Resources */,
				CE737A4C1FFE6354006DAB54 /* TabNews.storyboard in Resources */,
				503A5EFB1F3DB86C00A7695B /* TabSettings.storyboard in Resources */,
				503A5EFD1F3DC5DC00A7695B /* TabCourses.storyboard in Resources */,
				503A5EFF1F3DC6A400A7695B /* TabFiles.storyboard in Resources */,
				C3418B671ED335F400280E62 /* PreviewTransitionViewController.xib in Resources */,
				C3A5A90D1EBCC17600825DBF /* Assets.xcassets in Resources */,
				3DD869171ECE3F6100814392 /* PT_Sans-Web-Regular.ttf in Resources */,
				3DD869151ECE3F6100814392 /* PT_Sans-Web-BoldItalic.ttf in Resources */,
				C3A5A9081EBCC17600825DBF /* Main.storyboard in Resources */,
				503A5F011F3DC6C700A7695B /* TabDashboard.storyboard in Resources */,
			);
			runOnlyForDeploymentPostprocessing = 0;
		};
		C3A5A9141EBCC17600825DBF /* Resources */ = {
			isa = PBXResourcesBuildPhase;
			buildActionMask = 2147483647;
			files = (
			);
			runOnlyForDeploymentPostprocessing = 0;
		};
		C3A5A91F1EBCC17600825DBF /* Resources */ = {
			isa = PBXResourcesBuildPhase;
			buildActionMask = 2147483647;
			files = (
			);
			runOnlyForDeploymentPostprocessing = 0;
		};
/* End PBXResourcesBuildPhase section */

/* Begin PBXShellScriptBuildPhase section */
		50B44D7A203A0328009DC2D3 /* Set Build number */ = {
			isa = PBXShellScriptBuildPhase;
			buildActionMask = 2147483647;
			files = (
			);
			inputPaths = (
			);
			name = "Set Build number";
			outputPaths = (
			);
			runOnlyForDeploymentPostprocessing = 0;
			shellPath = /bin/sh;
			shellScript = "git=`sh /etc/profile; which git`\nmerge_base=`$git merge-base master HEAD`\nbranch_name=`$git symbolic-ref HEAD | sed -e 's,.*/\\\\(.*\\\\),\\\\1,'`\ncommit_count_merge_base=`$git rev-list --count $merge_base`\ncommit_count_diff_head=`$git rev-list --count $merge_base..HEAD`\n\nbuild_number=$commit_count_merge_base\nif [ \"$branch_name\" != \"master\" ]; then\n    build_number=\"$build_number.$commit_count_diff_head\"\n    if [ \"$branch_name\" != \"dev\" ]; then\n        build_number=\"$build_number.0\"\n    fi\nfi\n\n/usr/libexec/PlistBuddy -c \"Set :CFBundleVersion $build_number\" \"${PRODUCT_SETTINGS_PATH}\"\n\necho \"Updated build number in ${PRODUCT_SETTINGS_PATH} to $build_number\"";
		};
		50B44D7B203A0377009DC2D3 /* Clear Build number */ = {
			isa = PBXShellScriptBuildPhase;
			buildActionMask = 2147483647;
			files = (
			);
			inputPaths = (
			);
			name = "Clear Build number";
			outputPaths = (
			);
			runOnlyForDeploymentPostprocessing = 0;
			shellPath = /bin/sh;
			shellScript = "/usr/libexec/PlistBuddy -c \"Set :CFBundleVersion 0\" \"${PRODUCT_SETTINGS_PATH}\"\necho \"Cleared build number in ${PRODUCT_SETTINGS_PATH}\"";
		};
		50F39850202C7E9200ADAE5D /* Copy GoogleServices-Info.plist */ = {
			isa = PBXShellScriptBuildPhase;
			buildActionMask = 2147483647;
			files = (
			);
			inputPaths = (
			);
			name = "Copy GoogleServices-Info.plist";
			outputPaths = (
			);
			runOnlyForDeploymentPostprocessing = 0;
			shellPath = /bin/sh;
			shellScript = "if [ \"${CONFIGURATION}\" == \"Release\" ]; then\n    suffix=\"Release\"\nelse\n    suffix=\"Debug\"\nfi\n\necho \"Using GoogleService-Info.plist for ${suffix} mode\"\ncp \"${PROJECT_DIR}/schulcloud/GoogleService-Info-${suffix}.plist\" \"${BUILT_PRODUCTS_DIR}/${PRODUCT_NAME}.app/GoogleService-Info.plist\"";
		};
		92AF1094A1614F30A8A8E107 /* [CP] Check Pods Manifest.lock */ = {
			isa = PBXShellScriptBuildPhase;
			buildActionMask = 2147483647;
			files = (
			);
			inputPaths = (
				"${PODS_PODFILE_DIR_PATH}/Podfile.lock",
				"${PODS_ROOT}/Manifest.lock",
			);
			name = "[CP] Check Pods Manifest.lock";
			outputPaths = (
				"$(DERIVED_FILE_DIR)/Pods-schulcloud-checkManifestLockResult.txt",
			);
			runOnlyForDeploymentPostprocessing = 0;
			shellPath = /bin/sh;
			shellScript = "diff \"${PODS_PODFILE_DIR_PATH}/Podfile.lock\" \"${PODS_ROOT}/Manifest.lock\" > /dev/null\nif [ $? != 0 ] ; then\n    # print error to STDERR\n    echo \"error: The sandbox is not in sync with the Podfile.lock. Run 'pod install' or update your CocoaPods installation.\" >&2\n    exit 1\nfi\n# This output is used by Xcode 'outputs' to avoid re-running this script phase.\necho \"SUCCESS\" > \"${SCRIPT_OUTPUT_FILE_0}\"\n";
			showEnvVarsInLog = 0;
		};
		92F1821EE71547F849FC612C /* [CP] Copy Pods Resources */ = {
			isa = PBXShellScriptBuildPhase;
			buildActionMask = 2147483647;
			files = (
			);
			inputPaths = (
			);
			name = "[CP] Copy Pods Resources";
			outputPaths = (
			);
			runOnlyForDeploymentPostprocessing = 0;
			shellPath = /bin/sh;
			shellScript = "\"${SRCROOT}/Pods/Target Support Files/Pods-schulcloud/Pods-schulcloud-resources.sh\"\n";
			showEnvVarsInLog = 0;
		};
		DFB669BB58F24B67E05FBDAF /* [CP] Embed Pods Frameworks */ = {
			isa = PBXShellScriptBuildPhase;
			buildActionMask = 2147483647;
			files = (
			);
			inputPaths = (
				"${SRCROOT}/Pods/Target Support Files/Pods-schulcloud/Pods-schulcloud-frameworks.sh",
				"${BUILT_PRODUCTS_DIR}/Alamofire/Alamofire.framework",
				"${BUILT_PRODUCTS_DIR}/BrightFutures/BrightFutures.framework",
				"${BUILT_PRODUCTS_DIR}/CalendarKit/CalendarKit.framework",
				"${BUILT_PRODUCTS_DIR}/DateToolsSwift/DateToolsSwift.framework",
				"${BUILT_PRODUCTS_DIR}/GTMSessionFetcher/GTMSessionFetcher.framework",
				"${BUILT_PRODUCTS_DIR}/GoogleToolboxForMac/GoogleToolboxForMac.framework",
				"${BUILT_PRODUCTS_DIR}/JWTDecode/JWTDecode.framework",
				"${BUILT_PRODUCTS_DIR}/Locksmith/Locksmith.framework",
				"${BUILT_PRODUCTS_DIR}/Marshal/Marshal.framework",
				"${BUILT_PRODUCTS_DIR}/Neon/Neon.framework",
				"${BUILT_PRODUCTS_DIR}/Protobuf/Protobuf.framework",
				"${BUILT_PRODUCTS_DIR}/Result/Result.framework",
				"${BUILT_PRODUCTS_DIR}/SimpleRoundedButton/SimpleRoundedButton.framework",
				"${BUILT_PRODUCTS_DIR}/SwiftyBeaver/SwiftyBeaver.framework",
				"${BUILT_PRODUCTS_DIR}/SwiftyJSON/SwiftyJSON.framework",
			);
			name = "[CP] Embed Pods Frameworks";
			outputPaths = (
				"${TARGET_BUILD_DIR}/${FRAMEWORKS_FOLDER_PATH}/Alamofire.framework",
				"${TARGET_BUILD_DIR}/${FRAMEWORKS_FOLDER_PATH}/BrightFutures.framework",
				"${TARGET_BUILD_DIR}/${FRAMEWORKS_FOLDER_PATH}/CalendarKit.framework",
				"${TARGET_BUILD_DIR}/${FRAMEWORKS_FOLDER_PATH}/DateToolsSwift.framework",
				"${TARGET_BUILD_DIR}/${FRAMEWORKS_FOLDER_PATH}/GTMSessionFetcher.framework",
				"${TARGET_BUILD_DIR}/${FRAMEWORKS_FOLDER_PATH}/GoogleToolboxForMac.framework",
				"${TARGET_BUILD_DIR}/${FRAMEWORKS_FOLDER_PATH}/JWTDecode.framework",
				"${TARGET_BUILD_DIR}/${FRAMEWORKS_FOLDER_PATH}/Locksmith.framework",
				"${TARGET_BUILD_DIR}/${FRAMEWORKS_FOLDER_PATH}/Marshal.framework",
				"${TARGET_BUILD_DIR}/${FRAMEWORKS_FOLDER_PATH}/Neon.framework",
				"${TARGET_BUILD_DIR}/${FRAMEWORKS_FOLDER_PATH}/Protobuf.framework",
				"${TARGET_BUILD_DIR}/${FRAMEWORKS_FOLDER_PATH}/Result.framework",
				"${TARGET_BUILD_DIR}/${FRAMEWORKS_FOLDER_PATH}/SimpleRoundedButton.framework",
				"${TARGET_BUILD_DIR}/${FRAMEWORKS_FOLDER_PATH}/SwiftyBeaver.framework",
				"${TARGET_BUILD_DIR}/${FRAMEWORKS_FOLDER_PATH}/SwiftyJSON.framework",
			);
			runOnlyForDeploymentPostprocessing = 0;
			shellPath = /bin/sh;
			shellScript = "\"${SRCROOT}/Pods/Target Support Files/Pods-schulcloud/Pods-schulcloud-frameworks.sh\"\n";
			showEnvVarsInLog = 0;
		};
/* End PBXShellScriptBuildPhase section */

/* Begin PBXSourcesBuildPhase section */
		C3A5A8FB1EBCC17600825DBF /* Sources */ = {
			isa = PBXSourcesBuildPhase;
			buildActionMask = 2147483647;
			files = (
				CEF363F22010D9B300793D63 /* CalendarEvent.swift in Sources */,
				509B10D62008E5840042AA7D /* NSMutableAttributedString+trim.swift in Sources */,
				3D45737B1EE02065009A30E2 /* CalendarViewController.swift in Sources */,
				509A93381F541513001167DE /* DashboardViewController.swift in Sources */,
				C3165F1F1EDC1EC6005F5B8E /* NSAttributedString+HTML.swift in Sources */,
				C32870C01EE0228600ABA348 /* LessonHelper.swift in Sources */,
				CE644E8920232710003AE700 /* UIColor+hexString.swift in Sources */,
				C32870B91EDF2E1E00ABA348 /* Content+.swift in Sources */,
				507684C01F5D9AAF00EEC7FA /* HomeworkDetailViewController.swift in Sources */,
				C3C2AC361EC5AC460060AECA /* Notifications.swift in Sources */,
				C39495E71F6ACF55009DD7A4 /* BrightFutures+.swift in Sources */,
				503C1C011F6181BF00CF369D /* CalendarOverviewViewController.swift in Sources */,
				C3AB489E1EDB260E00692505 /* Alamofire+BrightFutures.swift in Sources */,
				C32870C21EE0250500ABA348 /* LessonsViewController.swift in Sources */,
				C3418B6C1ED5CB3400280E62 /* Homework+CoreDataClass.swift in Sources */,
				C32870A41EDDBCB000ABA348 /* Homework+CoreDataProperties.swift in Sources */,
				C3AB489A1EDAE8A800692505 /* HomeworkViewController.swift in Sources */,
				C31F62461F7D3D1D00D46652 /* HomeworkSubmission+CoreDataClass.swift in Sources */,
				50A1CDE61F501AC5006E9B69 /* NotificationCell.swift in Sources */,
				CE8487B91FFD2AC9008003B5 /* News+CoreDataClass.swift in Sources */,
				C3A5A9391EBCD0C600825DBF /* Constants.swift in Sources */,
				C3C080551EE607F6005FA7C3 /* CourseCell.swift in Sources */,
				C31C842A1ECF553700FA070C /* PreviewManager.swift in Sources */,
				CE866DA92017321800A5787B /* EventData+.swift in Sources */,
				C3418B6F1ED5CF1F00280E62 /* Date+Marshal.swift in Sources */,
				CEC66C742011E92300B785F8 /* CalendarEventHelper+EventKit.swift in Sources */,
				C32870AD1EDED1D200ABA348 /* DashboardHomeworkView.swift in Sources */,
				C31F623F1F7BF11300D46652 /* HomeworkSubmissionHelper.swift in Sources */,
				C3A5A9341EBCCE3B00825DBF /* LoginViewController.swift in Sources */,
				C32870A01EDDBCB000ABA348 /* UserGroup+CoreDataClass.swift in Sources */,
				506D146F1F56F81D00AA5613 /* UIView+shake.swift in Sources */,
				C32870A21EDDBCB000ABA348 /* Course+CoreDataClass.swift in Sources */,
				50E8015D1F45C82800B6F8DA /* EventData+CoreDataClass.swift in Sources */,
				5059C14B1F62B35900E8023C /* Date+TimeZone.swift in Sources */,
				C32870BC1EDF32C600ABA348 /* CoursesViewController.swift in Sources */,
				C32870A51EDDBCB000ABA348 /* User+CoreDataClass.swift in Sources */,
				C3A5A9051EBCC17600825DBF /* ViewController.swift in Sources */,
				C36C23381EC9DE0700D4163E /* SCError.swift in Sources */,
				CEB4E9161FFD2343002E183F /* News+.swift in Sources */,
				C31C842E1ECF586500FA070C /* LoadingViewController.swift in Sources */,
				C32870A31EDDBCB000ABA348 /* Course+CoreDataProperties.swift in Sources */,
				C31F62471F7D3D1E00D46652 /* HomeworkSubmission+CoreDataProperties.swift in Sources */,
				C328708D1EDD58C700ABA348 /* User+.swift in Sources */,
				C378D2C41ECC976800AE8CEA /* schulcloud.xcdatamodeld in Sources */,
				C32870A61EDDBCB000ABA348 /* User+CoreDataProperties.swift in Sources */,
				C32870B41EDF24F600ABA348 /* Lesson+CoreDataClass.swift in Sources */,
				CE737A4E1FFE65B0006DAB54 /* NewsArticleCell.swift in Sources */,
				C3FEB92B1F67E7F400BAD9D7 /* UIColor+Branding.swift in Sources */,
				C31F62481F7D3D1E00D46652 /* HomeworkComment+CoreDataClass.swift in Sources */,
				C3418B621ECEE6FB00280E62 /* FilesViewController.swift in Sources */,
				C32870BE1EDF356800ABA348 /* CourseHelper.swift in Sources */,
				C3418B641ED2E89F00280E62 /* FileListCell.swift in Sources */,
				509A933A1F541668001167DE /* ShortNotificationViewController.swift in Sources */,
				C3C2AC381EC5AC750060AECA /* ApiHelper.swift in Sources */,
				C3B7DB141EF5EB1800A2F2B5 /* HtmlTableViewCell.swift in Sources */,
				C32870A11EDDBCB000ABA348 /* UserGroup+CoreDataProperties.swift in Sources */,
				C3165F1D1EDC1BAE005F5B8E /* HomeworkTableViewCell.swift in Sources */,
				C3A5A9031EBCC17600825DBF /* AppDelegate.swift in Sources */,
				CEB0027D2008BF9C007084C9 /* CalendarEventHelper.swift in Sources */,
				C31F62491F7D3D1E00D46652 /* HomeworkComment+CoreDataProperties.swift in Sources */,
				C32870B51EDF24F600ABA348 /* Lesson+CoreDataProperties.swift in Sources */,
				C32870B21EDF24F600ABA348 /* Content+CoreDataClass.swift in Sources */,
				C32870B31EDF24F600ABA348 /* Content+CoreDataProperties.swift in Sources */,
				C38419171EF602AA00A616B3 /* SplitViewController.swift in Sources */,
				C3A5A93B1EC0766F00825DBF /* Account.swift in Sources */,
				C31F62411F7BF2D100D46652 /* HomeworkSubmission+.swift in Sources */,
				C31C84271ECF546E00FA070C /* WebviewPreviewViewContoller.swift in Sources */,
				50E8015E1F45C82800B6F8DA /* EventData+CoreDataProperties.swift in Sources */,
				CE1DAC592004CE0200CEE4C2 /* String+.swift in Sources */,
				C32870B71EDF2C1300ABA348 /* Lesson+.swift in Sources */,
				C3C2AC221EC3A7E90060AECA /* SettingsViewController.swift in Sources */,
				C3C3CAB11EF5CBB6009601AE /* SingleLessonViewController.swift in Sources */,
				50A1CDE41F501A0D006E9B69 /* NotificationViewController.swift in Sources */,
				5082579A1F5E90F500A4FF6A /* Homework+.swift in Sources */,
				C3C2AC241EC3AAA80060AECA /* LoginHelper.swift in Sources */,
				C39495E91F6AE0D9009DD7A4 /* HomeworkSubmissionViewController.swift in Sources */,
				C3AB489C1EDAE97600692505 /* HomeworkHelper.swift in Sources */,
				C36C233B1ECC965400D4163E /* CoreData.swift in Sources */,
				50D6432D1F8E09E200A89331 /* HomeworkOverviewViewController.swift in Sources */,
				C3C2AC311EC4902F0060AECA /* File+CoreDataClass.swift in Sources */,
				C32870A91EDDD3D100ABA348 /* Course+.swift in Sources */,
				CE8487BA1FFD2AC9008003B5 /* News+CoreDataProperties.swift in Sources */,
				CEC042851FFE205E004E9A20 /* NewsHelper.swift in Sources */,
				C3418B601ECDAB9F00280E62 /* FileHelper.swift in Sources */,
				CE737A501FFE6929006DAB54 /* NewsListViewController.swift in Sources */,
			);
			runOnlyForDeploymentPostprocessing = 0;
		};
		C3A5A9121EBCC17600825DBF /* Sources */ = {
			isa = PBXSourcesBuildPhase;
			buildActionMask = 2147483647;
			files = (
				CE8A847C200CCB1800D0624F /* CalendarEventHelperTests.swift in Sources */,
				C3A5A91B1EBCC17600825DBF /* schulcloudTests.swift in Sources */,
			);
			runOnlyForDeploymentPostprocessing = 0;
		};
		C3A5A91D1EBCC17600825DBF /* Sources */ = {
			isa = PBXSourcesBuildPhase;
			buildActionMask = 2147483647;
			files = (
				C3A5A9261EBCC17600825DBF /* schulcloudUITests.swift in Sources */,
			);
			runOnlyForDeploymentPostprocessing = 0;
		};
/* End PBXSourcesBuildPhase section */

/* Begin PBXTargetDependency section */
		C3A5A9181EBCC17600825DBF /* PBXTargetDependency */ = {
			isa = PBXTargetDependency;
			target = C3A5A8FE1EBCC17600825DBF /* schulcloud */;
			targetProxy = C3A5A9171EBCC17600825DBF /* PBXContainerItemProxy */;
		};
		C3A5A9231EBCC17600825DBF /* PBXTargetDependency */ = {
			isa = PBXTargetDependency;
			target = C3A5A8FE1EBCC17600825DBF /* schulcloud */;
			targetProxy = C3A5A9221EBCC17600825DBF /* PBXContainerItemProxy */;
		};
/* End PBXTargetDependency section */

/* Begin PBXVariantGroup section */
		503A5EF91F3DB86C00A7695B /* TabSettings.storyboard */ = {
			isa = PBXVariantGroup;
			children = (
				503A5EFA1F3DB86C00A7695B /* Base */,
			);
			name = TabSettings.storyboard;
			sourceTree = "<group>";
		};
		C3A5A9061EBCC17600825DBF /* Main.storyboard */ = {
			isa = PBXVariantGroup;
			children = (
				C3A5A9071EBCC17600825DBF /* Base */,
			);
			name = Main.storyboard;
			sourceTree = "<group>";
		};
		C3A5A90E1EBCC17600825DBF /* LaunchScreen.storyboard */ = {
			isa = PBXVariantGroup;
			children = (
				C3A5A90F1EBCC17600825DBF /* Base */,
			);
			name = LaunchScreen.storyboard;
			sourceTree = "<group>";
		};
/* End PBXVariantGroup section */

/* Begin XCBuildConfiguration section */
		C3A5A9281EBCC17600825DBF /* Debug */ = {
			isa = XCBuildConfiguration;
			buildSettings = {
				ALWAYS_SEARCH_USER_PATHS = NO;
				CLANG_ANALYZER_NONNULL = YES;
				CLANG_ANALYZER_NUMBER_OBJECT_CONVERSION = YES_AGGRESSIVE;
				CLANG_CXX_LANGUAGE_STANDARD = "gnu++0x";
				CLANG_CXX_LIBRARY = "libc++";
				CLANG_ENABLE_MODULES = YES;
				CLANG_ENABLE_OBJC_ARC = YES;
				CLANG_WARN_BOOL_CONVERSION = YES;
				CLANG_WARN_CONSTANT_CONVERSION = YES;
				CLANG_WARN_DIRECT_OBJC_ISA_USAGE = YES_ERROR;
				CLANG_WARN_DOCUMENTATION_COMMENTS = YES;
				CLANG_WARN_EMPTY_BODY = YES;
				CLANG_WARN_ENUM_CONVERSION = YES;
				CLANG_WARN_INFINITE_RECURSION = YES;
				CLANG_WARN_INT_CONVERSION = YES;
				CLANG_WARN_OBJC_ROOT_CLASS = YES_ERROR;
				CLANG_WARN_SUSPICIOUS_MOVE = YES;
				CLANG_WARN_UNREACHABLE_CODE = YES;
				CLANG_WARN__DUPLICATE_METHOD_MATCH = YES;
				"CODE_SIGN_IDENTITY[sdk=iphoneos*]" = "iPhone Developer";
				COPY_PHASE_STRIP = NO;
				DEBUG_INFORMATION_FORMAT = dwarf;
				ENABLE_STRICT_OBJC_MSGSEND = YES;
				ENABLE_TESTABILITY = YES;
				GCC_C_LANGUAGE_STANDARD = gnu99;
				GCC_DYNAMIC_NO_PIC = NO;
				GCC_NO_COMMON_BLOCKS = YES;
				GCC_OPTIMIZATION_LEVEL = 0;
				GCC_PREPROCESSOR_DEFINITIONS = (
					"DEBUG=1",
					"$(inherited)",
				);
				GCC_WARN_64_TO_32_BIT_CONVERSION = YES;
				GCC_WARN_ABOUT_RETURN_TYPE = YES_ERROR;
				GCC_WARN_UNDECLARED_SELECTOR = YES;
				GCC_WARN_UNINITIALIZED_AUTOS = YES_AGGRESSIVE;
				GCC_WARN_UNUSED_FUNCTION = YES;
				GCC_WARN_UNUSED_VARIABLE = YES;
				IPHONEOS_DEPLOYMENT_TARGET = 10.0;
				MTL_ENABLE_DEBUG_INFO = YES;
				ONLY_ACTIVE_ARCH = YES;
				SDKROOT = iphoneos;
				SWIFT_ACTIVE_COMPILATION_CONDITIONS = DEBUG;
				SWIFT_OPTIMIZATION_LEVEL = "-Onone";
				TARGETED_DEVICE_FAMILY = "1,2";
			};
			name = Debug;
		};
		C3A5A9291EBCC17600825DBF /* Release */ = {
			isa = XCBuildConfiguration;
			buildSettings = {
				ALWAYS_SEARCH_USER_PATHS = NO;
				CLANG_ANALYZER_NONNULL = YES;
				CLANG_ANALYZER_NUMBER_OBJECT_CONVERSION = YES_AGGRESSIVE;
				CLANG_CXX_LANGUAGE_STANDARD = "gnu++0x";
				CLANG_CXX_LIBRARY = "libc++";
				CLANG_ENABLE_MODULES = YES;
				CLANG_ENABLE_OBJC_ARC = YES;
				CLANG_WARN_BOOL_CONVERSION = YES;
				CLANG_WARN_CONSTANT_CONVERSION = YES;
				CLANG_WARN_DIRECT_OBJC_ISA_USAGE = YES_ERROR;
				CLANG_WARN_DOCUMENTATION_COMMENTS = YES;
				CLANG_WARN_EMPTY_BODY = YES;
				CLANG_WARN_ENUM_CONVERSION = YES;
				CLANG_WARN_INFINITE_RECURSION = YES;
				CLANG_WARN_INT_CONVERSION = YES;
				CLANG_WARN_OBJC_ROOT_CLASS = YES_ERROR;
				CLANG_WARN_SUSPICIOUS_MOVE = YES;
				CLANG_WARN_UNREACHABLE_CODE = YES;
				CLANG_WARN__DUPLICATE_METHOD_MATCH = YES;
				"CODE_SIGN_IDENTITY[sdk=iphoneos*]" = "iPhone Developer";
				COPY_PHASE_STRIP = NO;
				DEBUG_INFORMATION_FORMAT = "dwarf-with-dsym";
				ENABLE_NS_ASSERTIONS = NO;
				ENABLE_STRICT_OBJC_MSGSEND = YES;
				GCC_C_LANGUAGE_STANDARD = gnu99;
				GCC_NO_COMMON_BLOCKS = YES;
				GCC_WARN_64_TO_32_BIT_CONVERSION = YES;
				GCC_WARN_ABOUT_RETURN_TYPE = YES_ERROR;
				GCC_WARN_UNDECLARED_SELECTOR = YES;
				GCC_WARN_UNINITIALIZED_AUTOS = YES_AGGRESSIVE;
				GCC_WARN_UNUSED_FUNCTION = YES;
				GCC_WARN_UNUSED_VARIABLE = YES;
				IPHONEOS_DEPLOYMENT_TARGET = 10.0;
				MTL_ENABLE_DEBUG_INFO = NO;
				SDKROOT = iphoneos;
				SWIFT_OPTIMIZATION_LEVEL = "-Owholemodule";
				TARGETED_DEVICE_FAMILY = "1,2";
				VALIDATE_PRODUCT = YES;
			};
			name = Release;
		};
		C3A5A92B1EBCC17600825DBF /* Debug */ = {
			isa = XCBuildConfiguration;
			baseConfigurationReference = 8311124C4B68A962896AF291 /* Pods-schulcloud.debug.xcconfig */;
			buildSettings = {
				ALWAYS_EMBED_SWIFT_STANDARD_LIBRARIES = "$(inherited)";
				ASSETCATALOG_COMPILER_APPICON_NAME = AppIcon;
				CODE_SIGN_ENTITLEMENTS = schulcloud/schulcloud.entitlements;
				"CODE_SIGN_IDENTITY[sdk=iphoneos*]" = "iPhone Developer";
				CODE_SIGN_STYLE = Automatic;
				DEVELOPMENT_TEAM = WP53SSE8S6;
				HEADER_SEARCH_PATHS = (
					"$(inherited)",
					"${PODS_ROOT}/Firebase/Core/Sources",
					"$(inherited)",
					"\"${PODS_ROOT}/Headers/Public\"",
					"\"${PODS_ROOT}/Headers/Public/Firebase\"",
					"\"${PODS_ROOT}/Headers/Public/FirebaseAnalytics\"",
					"\"${PODS_ROOT}/Headers/Public/FirebaseAuth\"",
					"\"${PODS_ROOT}/Headers/Public/FirebaseCore\"",
					"\"${PODS_ROOT}/Headers/Public/FirebaseInstanceID\"",
					"\"${PODS_ROOT}/Headers/Public/FirebaseMessaging\"",
				);
				INFOPLIST_FILE = schulcloud/Info.plist;
				IPHONEOS_DEPLOYMENT_TARGET = 10.0;
				LD_RUNPATH_SEARCH_PATHS = "$(inherited) @executable_path/Frameworks";
				PRODUCT_BUNDLE_IDENTIFIER = org.schulcloud;
				PRODUCT_NAME = "Schul-Cloud";
				PROVISIONING_PROFILE = "";
				PROVISIONING_PROFILE_SPECIFIER = "";
				SWIFT_SWIFT3_OBJC_INFERENCE = Default;
				SWIFT_VERSION = 4.0;
			};
			name = Debug;
		};
		C3A5A92C1EBCC17600825DBF /* Release */ = {
			isa = XCBuildConfiguration;
			baseConfigurationReference = 545C97A8DFD815A5CDCD6C3F /* Pods-schulcloud.release.xcconfig */;
			buildSettings = {
				ALWAYS_EMBED_SWIFT_STANDARD_LIBRARIES = "$(inherited)";
				ASSETCATALOG_COMPILER_APPICON_NAME = AppIcon;
				CODE_SIGN_ENTITLEMENTS = schulcloud/schulcloud.entitlements;
				"CODE_SIGN_IDENTITY[sdk=iphoneos*]" = "iPhone Developer";
				CODE_SIGN_STYLE = Automatic;
				DEVELOPMENT_TEAM = WP53SSE8S6;
				HEADER_SEARCH_PATHS = (
					"$(inherited)",
					"${PODS_ROOT}/Firebase/Core/Sources",
					"$(inherited)",
					"\"${PODS_ROOT}/Headers/Public\"",
					"\"${PODS_ROOT}/Headers/Public/Firebase\"",
					"\"${PODS_ROOT}/Headers/Public/FirebaseAnalytics\"",
					"\"${PODS_ROOT}/Headers/Public/FirebaseAuth\"",
					"\"${PODS_ROOT}/Headers/Public/FirebaseCore\"",
					"\"${PODS_ROOT}/Headers/Public/FirebaseInstanceID\"",
					"\"${PODS_ROOT}/Headers/Public/FirebaseMessaging\"",
				);
				INFOPLIST_FILE = schulcloud/Info.plist;
				IPHONEOS_DEPLOYMENT_TARGET = 10.0;
				LD_RUNPATH_SEARCH_PATHS = "$(inherited) @executable_path/Frameworks";
				PRODUCT_BUNDLE_IDENTIFIER = org.schulcloud;
				PRODUCT_NAME = "Schul-Cloud";
				PROVISIONING_PROFILE = "";
				PROVISIONING_PROFILE_SPECIFIER = "";
				SWIFT_SWIFT3_OBJC_INFERENCE = Default;
				SWIFT_VERSION = 4.0;
			};
			name = Release;
		};
		C3A5A92E1EBCC17600825DBF /* Debug */ = {
			isa = XCBuildConfiguration;
			buildSettings = {
				ALWAYS_EMBED_SWIFT_STANDARD_LIBRARIES = YES;
				BUNDLE_LOADER = "$(TEST_HOST)";
				DEVELOPMENT_TEAM = WP53SSE8S6;
				FRAMEWORK_SEARCH_PATHS = "$(inherited)";
				HEADER_SEARCH_PATHS = "$(SRCROOT)/Pods/**";
				INFOPLIST_FILE = schulcloudTests/Info.plist;
				LD_RUNPATH_SEARCH_PATHS = "$(inherited) @executable_path/Frameworks @loader_path/Frameworks $(FRAMEWORK_SEARCH_PATHS)";
				PRODUCT_BUNDLE_IDENTIFIER = "org.schul-cloud.schulcloudTests";
				PRODUCT_NAME = "$(TARGET_NAME)";
				SWIFT_SWIFT3_OBJC_INFERENCE = Default;
				SWIFT_VERSION = 4.0;
				TEST_HOST = "$(BUILT_PRODUCTS_DIR)/Schul-Cloud.app/Schul-Cloud";
			};
			name = Debug;
		};
		C3A5A92F1EBCC17600825DBF /* Release */ = {
			isa = XCBuildConfiguration;
			buildSettings = {
				ALWAYS_EMBED_SWIFT_STANDARD_LIBRARIES = YES;
				BUNDLE_LOADER = "$(TEST_HOST)";
				DEVELOPMENT_TEAM = WP53SSE8S6;
				FRAMEWORK_SEARCH_PATHS = "$(inherited)";
				HEADER_SEARCH_PATHS = "$(SRCROOT)/Pods/**";
				INFOPLIST_FILE = schulcloudTests/Info.plist;
				LD_RUNPATH_SEARCH_PATHS = "$(inherited) @executable_path/Frameworks @loader_path/Frameworks $(FRAMEWORK_SEARCH_PATHS)";
				PRODUCT_BUNDLE_IDENTIFIER = "org.schul-cloud.schulcloudTests";
				PRODUCT_NAME = "$(TARGET_NAME)";
				SWIFT_SWIFT3_OBJC_INFERENCE = Default;
				SWIFT_VERSION = 4.0;
				TEST_HOST = "$(BUILT_PRODUCTS_DIR)/Schul-Cloud.app/Schul-Cloud";
			};
			name = Release;
		};
		C3A5A9311EBCC17600825DBF /* Debug */ = {
			isa = XCBuildConfiguration;
			buildSettings = {
				ALWAYS_EMBED_SWIFT_STANDARD_LIBRARIES = YES;
				DEVELOPMENT_TEAM = WP53SSE8S6;
				FRAMEWORK_SEARCH_PATHS = "$(inherited)";
				HEADER_SEARCH_PATHS = "$(SRCROOT)/Pods/**";
				INFOPLIST_FILE = schulcloudUITests/Info.plist;
				LD_RUNPATH_SEARCH_PATHS = "$(inherited) @executable_path/Frameworks @loader_path/Frameworks $(FRAMEWORK_SEARCH_PATHS)";
				PRODUCT_BUNDLE_IDENTIFIER = "org.schul-cloud.schulcloudUITests";
				PRODUCT_NAME = "$(TARGET_NAME)";
				SWIFT_SWIFT3_OBJC_INFERENCE = Default;
				SWIFT_VERSION = 4.0;
				TEST_TARGET_NAME = schulcloud;
			};
			name = Debug;
		};
		C3A5A9321EBCC17600825DBF /* Release */ = {
			isa = XCBuildConfiguration;
			buildSettings = {
				ALWAYS_EMBED_SWIFT_STANDARD_LIBRARIES = YES;
				DEVELOPMENT_TEAM = WP53SSE8S6;
				FRAMEWORK_SEARCH_PATHS = "$(inherited)";
				HEADER_SEARCH_PATHS = "$(SRCROOT)/Pods/**";
				INFOPLIST_FILE = schulcloudUITests/Info.plist;
				LD_RUNPATH_SEARCH_PATHS = "$(inherited) @executable_path/Frameworks @loader_path/Frameworks $(FRAMEWORK_SEARCH_PATHS)";
				PRODUCT_BUNDLE_IDENTIFIER = "org.schul-cloud.schulcloudUITests";
				PRODUCT_NAME = "$(TARGET_NAME)";
				SWIFT_SWIFT3_OBJC_INFERENCE = Default;
				SWIFT_VERSION = 4.0;
				TEST_TARGET_NAME = schulcloud;
			};
			name = Release;
		};
/* End XCBuildConfiguration section */

/* Begin XCConfigurationList section */
		C3A5A8FA1EBCC17600825DBF /* Build configuration list for PBXProject "schulcloud" */ = {
			isa = XCConfigurationList;
			buildConfigurations = (
				C3A5A9281EBCC17600825DBF /* Debug */,
				C3A5A9291EBCC17600825DBF /* Release */,
			);
			defaultConfigurationIsVisible = 0;
			defaultConfigurationName = Release;
		};
		C3A5A92A1EBCC17600825DBF /* Build configuration list for PBXNativeTarget "schulcloud" */ = {
			isa = XCConfigurationList;
			buildConfigurations = (
				C3A5A92B1EBCC17600825DBF /* Debug */,
				C3A5A92C1EBCC17600825DBF /* Release */,
			);
			defaultConfigurationIsVisible = 0;
			defaultConfigurationName = Release;
		};
		C3A5A92D1EBCC17600825DBF /* Build configuration list for PBXNativeTarget "schulcloudTests" */ = {
			isa = XCConfigurationList;
			buildConfigurations = (
				C3A5A92E1EBCC17600825DBF /* Debug */,
				C3A5A92F1EBCC17600825DBF /* Release */,
			);
			defaultConfigurationIsVisible = 0;
			defaultConfigurationName = Release;
		};
		C3A5A9301EBCC17600825DBF /* Build configuration list for PBXNativeTarget "schulcloudUITests" */ = {
			isa = XCConfigurationList;
			buildConfigurations = (
				C3A5A9311EBCC17600825DBF /* Debug */,
				C3A5A9321EBCC17600825DBF /* Release */,
			);
			defaultConfigurationIsVisible = 0;
			defaultConfigurationName = Release;
		};
/* End XCConfigurationList section */

/* Begin XCVersionGroup section */
		C378D2C21ECC976800AE8CEA /* schulcloud.xcdatamodeld */ = {
			isa = XCVersionGroup;
			children = (
				C378D2C31ECC976800AE8CEA /* schulcloud.xcdatamodel */,
			);
			currentVersion = C378D2C31ECC976800AE8CEA /* schulcloud.xcdatamodel */;
			path = schulcloud.xcdatamodeld;
			sourceTree = "<group>";
			versionGroupType = wrapper.xcdatamodel;
		};
/* End XCVersionGroup section */
	};
	rootObject = C3A5A8F71EBCC17600825DBF /* Project object */;
}
