PODS:
  - Alamofire (4.4.0)
  - BrightFutures (6.0.1):
    - Result (~> 3.2.4)
  - CalendarKit (0.2.0):
    - DateToolsSwift
    - Neon
  - DateToolsSwift (4.0.0)
  - Firebase/Auth (5.3.0):
    - Firebase/CoreOnly
    - FirebaseAuth (= 5.0.1)
  - Firebase/Core (5.3.0):
    - Firebase/CoreOnly
    - FirebaseAnalytics (= 5.0.1)
  - Firebase/CoreOnly (5.3.0):
    - FirebaseCore (= 5.0.4)
  - Firebase/Messaging (5.3.0):
    - Firebase/CoreOnly
    - FirebaseMessaging (= 3.0.2)
  - FirebaseAnalytics (5.0.1):
    - FirebaseCore (~> 5.0)
    - FirebaseInstanceID (~> 3.0)
    - "GoogleToolboxForMac/NSData+zlib (~> 2.1)"
    - nanopb (~> 0.3)
  - FirebaseAuth (5.0.1):
    - FirebaseCore (~> 5.0)
    - GTMSessionFetcher/Core (~> 1.1)
  - FirebaseCore (5.0.4):
    - "GoogleToolboxForMac/NSData+zlib (~> 2.1)"
  - FirebaseInstanceID (3.1.1):
    - FirebaseCore (~> 5.0)
  - FirebaseMessaging (3.0.2):
    - FirebaseCore (~> 5.0)
    - FirebaseInstanceID (~> 3.0)
    - GoogleToolboxForMac/Logger (~> 2.1)
    - Protobuf (~> 3.1)
  - GoogleToolboxForMac/Defines (2.1.4)
  - GoogleToolboxForMac/Logger (2.1.4):
    - GoogleToolboxForMac/Defines (= 2.1.4)
  - "GoogleToolboxForMac/NSData+zlib (2.1.4)":
    - GoogleToolboxForMac/Defines (= 2.1.4)
  - GTMSessionFetcher/Core (1.1.15)
  - JWTDecode (2.0.0)
  - Locksmith (3.0.0)
  - Marshal (1.2.4)
  - nanopb (0.3.8):
    - nanopb/decode (= 0.3.8)
    - nanopb/encode (= 0.3.8)
  - nanopb/decode (0.3.8)
  - nanopb/encode (0.3.8)
  - Neon (0.4.0)
  - Protobuf (3.6.0)
  - Result (3.2.4)
  - SimpleRoundedButton (1.0)
  - SwiftLint (0.26.0)
  - SwiftyBeaver (1.4.0)
  - SyncEngine (0.1.0):
    - BrightFutures (~> 6.0)
    - Marshal (~> 1.2)

DEPENDENCIES:
  - Alamofire (= 4.4.0)
  - BrightFutures (~> 6.0)
  - CalendarKit (= 0.2.0)
  - Firebase/Auth
  - Firebase/Core
  - Firebase/Messaging
  - JWTDecode (= 2.0.0)
  - Locksmith (= 3.0.0)
  - SimpleRoundedButton
  - SwiftLint (~> 0.25)
  - SwiftyBeaver (from `https://github.com/SwiftyBeaver/SwiftyBeaver.git`, commit `e4563d1`)
  - SyncEngine (from `./Frameworks/SyncEngine`)

SPEC REPOS:
  https://github.com/CocoaPods/Specs.git:
    - Alamofire
    - BrightFutures
    - CalendarKit
    - DateToolsSwift
    - Firebase
    - FirebaseAnalytics
    - FirebaseAuth
    - FirebaseCore
    - FirebaseInstanceID
    - FirebaseMessaging
    - GoogleToolboxForMac
    - GTMSessionFetcher
    - JWTDecode
    - Locksmith
    - Marshal
    - nanopb
    - Neon
    - Protobuf
    - Result
    - SimpleRoundedButton
    - SwiftLint

EXTERNAL SOURCES:
  SwiftyBeaver:
    :commit: e4563d1
    :git: https://github.com/SwiftyBeaver/SwiftyBeaver.git
  SyncEngine:
    :path: "./Frameworks/SyncEngine"

CHECKOUT OPTIONS:
  SwiftyBeaver:
    :commit: e4563d1
    :git: https://github.com/SwiftyBeaver/SwiftyBeaver.git

SPEC CHECKSUMS:
  Alamofire: dc44b1600b800eb63da6a19039a0083d62a6a62d
  BrightFutures: 9c03dab79e73ffe504b7bafc15c5bfdaeee54890
  CalendarKit: f5bfd960ca0bf652ae478e6f4effbe61f2500241
  DateToolsSwift: 875d97ff9e3a5d54abdd67a269b3f51c757b71ab
  Firebase: 68afeeb05461db02d7c9e3215cda28068670f4aa
  FirebaseAnalytics: b3628aea54c50464c32c393fb2ea032566e7ecc2
  FirebaseAuth: 463b8ce33bd5d05f706dcd4615499e3212b4132b
  FirebaseCore: 62f1b792a49bb9e8b4073f24606d2c93ffc352f0
  FirebaseInstanceID: f3f0657372592ecdfdfe2cac604a5a75758376a6
  FirebaseMessaging: 6894b8fe0a0cf26c3b13dad729f1131654ae0bdb
  GoogleToolboxForMac: 91c824d21e85b31c2aae9bb011c5027c9b4e738f
  GTMSessionFetcher: 5fa5b80fd20e439ef5f545fb2cb3ca6c6714caa2
  JWTDecode: 178e47e5d28d3abcff778bacced8342858cd6cb5
  Locksmith: 310b4cc5031af5728bf4db5d4de547a5100c6a3b
  Marshal: 8e04e6624e506921db7143b0bfd83caee03f32d6
  nanopb: 5601e6bca2dbf1ed831b519092ec110f66982ca3
  Neon: 7fb5a9327e7e57911843f608e08f4893a74deaf9
  Protobuf: 0fc0ad8bec688b2a3017a139953e01374fedbd5f
  Result: d2d07204ce72856f1fd9130bbe42c35a7b0fea10
  SimpleRoundedButton: d7f2be107afb25c56149f4c0df541169ca6af48c
  SwiftLint: f6b83e8d95ee1e91e11932d843af4fdcbf3fc764
  SwiftyBeaver: 6d10886c590bc0c7bd42f8c6f54c6bfea71c49d6
  SyncEngine: 7dd96977bd1cec292364451c0ef16679cc941b2e

PODFILE CHECKSUM: 42af6066c5b5b6e8c044e73fac77e9be8daabf72

COCOAPODS: 1.5.0
