PODS:
  - Alamofire (4.4.0)
  - BrightFutures (6.0.0):
    - Result (~> 3.2.4)
  - CalendarKit (0.2.0):
    - DateToolsSwift
    - Neon
  - DateToolsSwift (2.0.3)
  - Firebase/Auth (3.17.0):
    - Firebase/Core
    - FirebaseAuth (= 3.1.1)
  - Firebase/Core (3.17.0):
    - FirebaseAnalytics (= 3.9.0)
    - FirebaseCore (= 3.6.0)
  - Firebase/Messaging (3.17.0):
    - Firebase/Core
    - FirebaseMessaging (= 1.2.3)
  - FirebaseAnalytics (3.9.0):
    - FirebaseCore (~> 3.6)
    - FirebaseInstanceID (~> 1.0)
    - GoogleToolboxForMac/NSData+zlib (~> 2.1)
  - FirebaseAuth (3.1.1):
    - FirebaseAnalytics (~> 3.7)
    - GoogleToolboxForMac/NSDictionary+URLArguments (~> 2.1)
    - GTMSessionFetcher/Core (~> 1.1)
  - FirebaseCore (3.6.0):
    - GoogleToolboxForMac/NSData+zlib (~> 2.1)
  - FirebaseInstanceID (1.0.10):
    - FirebaseCore (~> 3.6)
  - FirebaseMessaging (1.2.3):
    - FirebaseAnalytics (~> 3.8)
    - FirebaseInstanceID (~> 1.0)
    - GoogleToolboxForMac/Logger (~> 2.1)
    - Protobuf (~> 3.1)
  - GoogleToolboxForMac/DebugUtils (2.1.1):
    - GoogleToolboxForMac/Defines (= 2.1.1)
  - GoogleToolboxForMac/Defines (2.1.1)
  - GoogleToolboxForMac/Logger (2.1.1):
    - GoogleToolboxForMac/Defines (= 2.1.1)
  - GoogleToolboxForMac/NSData+zlib (2.1.1):
    - GoogleToolboxForMac/Defines (= 2.1.1)
  - GoogleToolboxForMac/NSDictionary+URLArguments (2.1.1):
    - GoogleToolboxForMac/DebugUtils (= 2.1.1)
    - GoogleToolboxForMac/Defines (= 2.1.1)
    - GoogleToolboxForMac/NSString+URLArguments (= 2.1.1)
  - GoogleToolboxForMac/NSString+URLArguments (2.1.1)
  - GTMSessionFetcher/Core (1.1.9)
  - JWTDecode (2.0.0)
  - Locksmith (3.0.0)
  - Marshal (1.2.4)
  - Neon (0.4.0)
  - Protobuf (3.3.0)
  - Result (3.2.4)
  - SimpleRoundedButton (1.0)
  - SwiftyBeaver (1.4.0)
  - SwiftyJSON (3.1.4)

DEPENDENCIES:
  - Alamofire (= 4.4.0)
  - BrightFutures (= 6.0.0)
  - CalendarKit (= 0.2.0)
  - Firebase/Auth
  - Firebase/Core
  - Firebase/Messaging
  - JWTDecode
  - Locksmith
  - Marshal
  - SimpleRoundedButton
  - SwiftyBeaver (from `https://github.com/SwiftyBeaver/SwiftyBeaver.git`, commit `e4563d1`)
  - SwiftyJSON (~> 3)

EXTERNAL SOURCES:
  SwiftyBeaver:
    :commit: e4563d1
    :git: https://github.com/SwiftyBeaver/SwiftyBeaver.git

CHECKOUT OPTIONS:
  SwiftyBeaver:
    :commit: e4563d1
    :git: https://github.com/SwiftyBeaver/SwiftyBeaver.git

SPEC CHECKSUMS:
  Alamofire: dc44b1600b800eb63da6a19039a0083d62a6a62d
  BrightFutures: 9e7604f511aed9f0d6a49b04ac9b3fca6b117758
  CalendarKit: f5bfd960ca0bf652ae478e6f4effbe61f2500241
  DateToolsSwift: bf69bf9056d9e53c5c03f06e51f219b9b8b02f9e
  Firebase: 4b66b5b59c43edac745b87f0c87e42cdd0279c13
  FirebaseAnalytics: e5fe8486efc01bec33f6bf82e2fa9fce4b124052
  FirebaseAuth: cc8a1824170adbd351edb7f994490a3fb5c18be6
  FirebaseCore: 9691ee2ade70c098d7cf92440f4303f16d83ca75
  FirebaseInstanceID: b9eedd6846fb5e1f0f7279e1deaa7a7e4cf8392e
  FirebaseMessaging: 753d05a925e9eb8eadd09a0ffc9b808578b72fac
  GoogleToolboxForMac: 8e329f1b599f2512c6b10676d45736bcc2cbbeb0
  GTMSessionFetcher: 5c046c76a1f859bc9c187e918f18e4fc7bb57b5e
  JWTDecode: 178e47e5d28d3abcff778bacced8342858cd6cb5
  Locksmith: 310b4cc5031af5728bf4db5d4de547a5100c6a3b
  Marshal: 8e04e6624e506921db7143b0bfd83caee03f32d6
  Neon: 7fb5a9327e7e57911843f608e08f4893a74deaf9
  Protobuf: d582fecf68201eac3d79ed61369ef45734394b9c
  Result: d2d07204ce72856f1fd9130bbe42c35a7b0fea10
  SimpleRoundedButton: d7f2be107afb25c56149f4c0df541169ca6af48c
  SwiftyBeaver: 6d10886c590bc0c7bd42f8c6f54c6bfea71c49d6
  SwiftyJSON: c2842d878f95482ffceec5709abc3d05680c0220

PODFILE CHECKSUM: f595403f0ed6277351c9a5ddaa1bfd74e1da4419

COCOAPODS: 1.4.0
